// !$*UTF8*$!
{
	archiveVersion = 1;
	classes = {
	};
	objectVersion = 51;
	objects = {

/* Begin PBXBuildFile section */
		3B0A713524469943005BFFBE /* LeaveTypemodle.m in Sources */ = {isa = PBXBuildFile; fileRef = 3B0A713424469943005BFFBE /* LeaveTypemodle.m */; };
		3B0A71392446E9E8005BFFBE /* ChopersonController.m in Sources */ = {isa = PBXBuildFile; fileRef = 3B0A71382446E9E8005BFFBE /* ChopersonController.m */; };
		3B0A713C2446EB1E005BFFBE /* CustomHeadFooterView.m in Sources */ = {isa = PBXBuildFile; fileRef = 3B0A713B2446EB1E005BFFBE /* CustomHeadFooterView.m */; };
		3B0A71412446EB9D005BFFBE /* FriendModel.m in Sources */ = {isa = PBXBuildFile; fileRef = 3B0A713D2446EB9D005BFFBE /* FriendModel.m */; };
		3B0A71422446EB9D005BFFBE /* GroupModel.m in Sources */ = {isa = PBXBuildFile; fileRef = 3B0A713E2446EB9D005BFFBE /* GroupModel.m */; };
		3B0A71452446EBCD005BFFBE /* FriendTableViewCell.m in Sources */ = {isa = PBXBuildFile; fileRef = 3B0A71432446EBCC005BFFBE /* FriendTableViewCell.m */; };
		3B0DCBD8244548AC00870587 /* BDImagePicker.m in Sources */ = {isa = PBXBuildFile; fileRef = 3B0DCBD6244548AC00870587 /* BDImagePicker.m */; };
		3B7807BA24416F47008EEE83 /* inductionCell.m in Sources */ = {isa = PBXBuildFile; fileRef = 3B7807B924416F47008EEE83 /* inductionCell.m */; };
		3BB2CC632449A764005A515D /* IQTextView.m in Sources */ = {isa = PBXBuildFile; fileRef = 3BB2CC442449A764005A515D /* IQTextView.m */; };
		3BB2CC642449A764005A515D /* IQToolbar.m in Sources */ = {isa = PBXBuildFile; fileRef = 3BB2CC482449A764005A515D /* IQToolbar.m */; };
		3BB2CC652449A764005A515D /* IQTitleBarButtonItem.m in Sources */ = {isa = PBXBuildFile; fileRef = 3BB2CC4A2449A764005A515D /* IQTitleBarButtonItem.m */; };
		3BB2CC662449A764005A515D /* IQBarButtonItem.m in Sources */ = {isa = PBXBuildFile; fileRef = 3BB2CC4B2449A764005A515D /* IQBarButtonItem.m */; };
		3BB2CC672449A764005A515D /* IQUIView+IQKeyboardToolbar.m in Sources */ = {isa = PBXBuildFile; fileRef = 3BB2CC4C2449A764005A515D /* IQUIView+IQKeyboardToolbar.m */; };
		3BB2CC682449A764005A515D /* IQPreviousNextView.m in Sources */ = {isa = PBXBuildFile; fileRef = 3BB2CC4D2449A764005A515D /* IQPreviousNextView.m */; };
		3BB2CC692449A764005A515D /* IQKeyboardManager.m in Sources */ = {isa = PBXBuildFile; fileRef = 3BB2CC562449A764005A515D /* IQKeyboardManager.m */; };
		3BB2CC6A2449A764005A515D /* IQNSArray+Sort.m in Sources */ = {isa = PBXBuildFile; fileRef = 3BB2CC582449A764005A515D /* IQNSArray+Sort.m */; };
		3BB2CC6B2449A764005A515D /* IQUITextFieldView+Additions.m in Sources */ = {isa = PBXBuildFile; fileRef = 3BB2CC5A2449A764005A515D /* IQUITextFieldView+Additions.m */; };
		3BB2CC6C2449A764005A515D /* IQUIScrollView+Additions.m in Sources */ = {isa = PBXBuildFile; fileRef = 3BB2CC5B2449A764005A515D /* IQUIScrollView+Additions.m */; };
		3BB2CC6D2449A764005A515D /* IQUIView+Hierarchy.m in Sources */ = {isa = PBXBuildFile; fileRef = 3BB2CC5C2449A764005A515D /* IQUIView+Hierarchy.m */; };
		3BB2CC6E2449A764005A515D /* IQUIViewController+Additions.m in Sources */ = {isa = PBXBuildFile; fileRef = 3BB2CC602449A764005A515D /* IQUIViewController+Additions.m */; };
		3BB2CC6F2449A764005A515D /* IQKeyboardReturnKeyHandler.m in Sources */ = {isa = PBXBuildFile; fileRef = 3BB2CC622449A764005A515D /* IQKeyboardReturnKeyHandler.m */; };
		3BB4EC7D244A88E30025F476 /* requstTableViewCell.m in Sources */ = {isa = PBXBuildFile; fileRef = 3BB4EC7C244A88E30025F476 /* requstTableViewCell.m */; };
		3BB4EC81244A9FA20025F476 /* requstModel.m in Sources */ = {isa = PBXBuildFile; fileRef = 3BB4EC80244A9FA20025F476 /* requstModel.m */; };
		3BB4EC84244AE09B0025F476 /* RqtDetailsController.m in Sources */ = {isa = PBXBuildFile; fileRef = 3BB4EC83244AE09B0025F476 /* RqtDetailsController.m */; };
		3BB4EC87244AE5170025F476 /* RqtDetailsCell.m in Sources */ = {isa = PBXBuildFile; fileRef = 3BB4EC86244AE5170025F476 /* RqtDetailsCell.m */; };
		3BB4EC8A244AE5C20025F476 /* rqtDetModel.m in Sources */ = {isa = PBXBuildFile; fileRef = 3BB4EC89244AE5C20025F476 /* rqtDetModel.m */; };
		3BB4EC8D244AEB7C0025F476 /* qtdetaCell.m in Sources */ = {isa = PBXBuildFile; fileRef = 3BB4EC8C244AEB7C0025F476 /* qtdetaCell.m */; };
		3BB4EC90244AECF00025F476 /* qtdetaModel.m in Sources */ = {isa = PBXBuildFile; fileRef = 3BB4EC8F244AECF00025F476 /* qtdetaModel.m */; };
		3BFCC95F2445C0BC00D2CB41 /* HaveController.m in Sources */ = {isa = PBXBuildFile; fileRef = 3BFCC95E2445C0BC00D2CB41 /* HaveController.m */; };
		3BFCC9632445C16D00D2CB41 /* requestController.m in Sources */ = {isa = PBXBuildFile; fileRef = 3BFCC9622445C16D00D2CB41 /* requestController.m */; };
		4497113322D6586690514D0D /* Pods_brotherhoodOfficeSystemTests.framework in Frameworks */ = {isa = PBXBuildFile; fileRef = 62B17824283800011D283562 /* Pods_brotherhoodOfficeSystemTests.framework */; };
		9A9203859B40AA87A44C32BC /* Pods_brotherhoodOfficeSystem_brotherhoodOfficeSystemUITests.framework in Frameworks */ = {isa = PBXBuildFile; fileRef = 09C06DEDCA3F8FCA33B77DF1 /* Pods_brotherhoodOfficeSystem_brotherhoodOfficeSystemUITests.framework */; };
		CE66466427FAB4C0A36AD646 /* Pods_brotherhoodOfficeSystem.framework in Frameworks */ = {isa = PBXBuildFile; fileRef = 46794B329A268856D5E24EC1 /* Pods_brotherhoodOfficeSystem.framework */; };
		F7074BCD2448A07F00D40A77 /* todetailsController.m in Sources */ = {isa = PBXBuildFile; fileRef = F7074BCC2448A07F00D40A77 /* todetailsController.m */; };
		F7074BD12448A0FC00D40A77 /* todoTableViewCell.m in Sources */ = {isa = PBXBuildFile; fileRef = F7074BD02448A0FC00D40A77 /* todoTableViewCell.m */; };
		F72FA1BE243DAC44000343FC /* HomeMenuCell.m in Sources */ = {isa = PBXBuildFile; fileRef = F72FA1BA243DAC44000343FC /* HomeMenuCell.m */; };
		F72FA1BF243DAC44000343FC /* JZMTBtnView.m in Sources */ = {isa = PBXBuildFile; fileRef = F72FA1BD243DAC44000343FC /* JZMTBtnView.m */; };
		F72FA1C3243DAD5A000343FC /* Property.plist in Resources */ = {isa = PBXBuildFile; fileRef = F72FA1C2243DAD5A000343FC /* Property.plist */; };
		F74677E3244022020093D5D1 /* TextViewCell.m in Sources */ = {isa = PBXBuildFile; fileRef = F74677E2244022020093D5D1 /* TextViewCell.m */; };
		F74677E6244023540093D5D1 /* PlaceholderTextView.m in Sources */ = {isa = PBXBuildFile; fileRef = F74677E5244023540093D5D1 /* PlaceholderTextView.m */; };
		F74677EA244052340093D5D1 /* ZXDmethod.m in Sources */ = {isa = PBXBuildFile; fileRef = F74677E9244052340093D5D1 /* ZXDmethod.m */; };
		F74677ED244059FE0093D5D1 /* Homeheader.m in Sources */ = {isa = PBXBuildFile; fileRef = F74677EC244059FE0093D5D1 /* Homeheader.m */; };
		F74677F12440683D0093D5D1 /* UIView+WLFrame.m in Sources */ = {isa = PBXBuildFile; fileRef = F74677F02440683D0093D5D1 /* UIView+WLFrame.m */; };
		F787B5B324231D2500411DED /* AccountViewController.m in Sources */ = {isa = PBXBuildFile; fileRef = F787B5AB24231D2400411DED /* AccountViewController.m */; };
		F787B5B524231D2500411DED /* HomepageController.m in Sources */ = {isa = PBXBuildFile; fileRef = F787B5B124231D2500411DED /* HomepageController.m */; };
		F787B5B624231D2500411DED /* MyCityViewController.m in Sources */ = {isa = PBXBuildFile; fileRef = F787B5B224231D2500411DED /* MyCityViewController.m */; };
		F78A24A024434B9B00505C4C /* timeLineCell.m in Sources */ = {isa = PBXBuildFile; fileRef = F78A249F24434B9B00505C4C /* timeLineCell.m */; };
		F78A24A324435C8800505C4C /* timeLineModel.m in Sources */ = {isa = PBXBuildFile; fileRef = F78A24A224435C8800505C4C /* timeLineModel.m */; };
		F79A83612441F57100D8F839 /* ZXDNetworking.m in Sources */ = {isa = PBXBuildFile; fileRef = F79A83602441F57100D8F839 /* ZXDNetworking.m */; };
		F79A83642441F69A00D8F839 /* MBProgressHUD+Add.m in Sources */ = {isa = PBXBuildFile; fileRef = F79A83632441F69A00D8F839 /* MBProgressHUD+Add.m */; };
		F79A83692441F78B00D8F839 /* PWAlertView.m in Sources */ = {isa = PBXBuildFile; fileRef = F79A83682441F78B00D8F839 /* PWAlertView.m */; };
		F79A836C244206D900D8F839 /* ELNAlerTool.m in Sources */ = {isa = PBXBuildFile; fileRef = F79A836B244206D900D8F839 /* ELNAlerTool.m */; };
		F7A8F463243DF0870084D386 /* todoController.m in Sources */ = {isa = PBXBuildFile; fileRef = F7A8F462243DF0870084D386 /* todoController.m */; };
		F7A8F466243DF0AB0084D386 /* DepartureController.m in Sources */ = {isa = PBXBuildFile; fileRef = F7A8F465243DF0AB0084D386 /* DepartureController.m */; };
		F7A8F469243DF0C20084D386 /* InductionController.m in Sources */ = {isa = PBXBuildFile; fileRef = F7A8F468243DF0C20084D386 /* InductionController.m */; };
		F7A8F46C243DF0E10084D386 /* AskLeaveController.m in Sources */ = {isa = PBXBuildFile; fileRef = F7A8F46B243DF0E10084D386 /* AskLeaveController.m */; };
		F7A8F46F243DF1190084D386 /* AttendController.m in Sources */ = {isa = PBXBuildFile; fileRef = F7A8F46E243DF1190084D386 /* AttendController.m */; };
		F7A8F472243DFDD90084D386 /* AskTableViewCell.m in Sources */ = {isa = PBXBuildFile; fileRef = F7A8F471243DFDD90084D386 /* AskTableViewCell.m */; };
		F7A8F475243DFF5E0084D386 /* SelecTableViewCell.m in Sources */ = {isa = PBXBuildFile; fileRef = F7A8F474243DFF5E0084D386 /* SelecTableViewCell.m */; };
		F7BB179B243C137F003A19D1 /* NNNavigationController.m in Sources */ = {isa = PBXBuildFile; fileRef = F7BB1797243C137F003A19D1 /* NNNavigationController.m */; };
		F7BB179C243C137F003A19D1 /* NNTabBarController.m in Sources */ = {isa = PBXBuildFile; fileRef = F7BB179A243C137F003A19D1 /* NNTabBarController.m */; };
		F7BB17A0243C1F77003A19D1 /* LoginViewController.m in Sources */ = {isa = PBXBuildFile; fileRef = F7BB179F243C1F77003A19D1 /* LoginViewController.m */; };
		F7BB17A3243C51C0003A19D1 /* loginTextField.m in Sources */ = {isa = PBXBuildFile; fileRef = F7BB17A2243C51C0003A19D1 /* loginTextField.m */; };
		F7BC578E24449B020031DB2E /* BRTextField.m in Sources */ = {isa = PBXBuildFile; fileRef = F7BC578A24449B020031DB2E /* BRTextField.m */; };
		F7BC578F24449B020031DB2E /* NSDate+BRAdd.m in Sources */ = {isa = PBXBuildFile; fileRef = F7BC578C24449B020031DB2E /* NSDate+BRAdd.m */; };
		F7C5C328242A486E00A75289 /* UIButton+BBTButton.m in Sources */ = {isa = PBXBuildFile; fileRef = F7C5C324242A486E00A75289 /* UIButton+BBTButton.m */; };
		F7C5C329242A486E00A75289 /* UIView+EXTENSION.m in Sources */ = {isa = PBXBuildFile; fileRef = F7C5C327242A486E00A75289 /* UIView+EXTENSION.m */; };
		F7CCD111244B51A600EF0855 /* haveCell.m in Sources */ = {isa = PBXBuildFile; fileRef = F7CCD110244B51A600EF0855 /* haveCell.m */; };
		F7CCD115244B523100EF0855 /* HaveModel.m in Sources */ = {isa = PBXBuildFile; fileRef = F7CCD114244B523100EF0855 /* HaveModel.m */; };
		F7F046092420AA7700365A65 /* AppDelegate.m in Sources */ = {isa = PBXBuildFile; fileRef = F7F046082420AA7700365A65 /* AppDelegate.m */; };
		F7F0460F2420AA7700365A65 /* ViewController.m in Sources */ = {isa = PBXBuildFile; fileRef = F7F0460E2420AA7700365A65 /* ViewController.m */; };
		F7F046122420AA7700365A65 /* Main.storyboard in Resources */ = {isa = PBXBuildFile; fileRef = F7F046102420AA7700365A65 /* Main.storyboard */; };
		F7F046142420AA7C00365A65 /* Assets.xcassets in Resources */ = {isa = PBXBuildFile; fileRef = F7F046132420AA7C00365A65 /* Assets.xcassets */; };
		F7F046172420AA7C00365A65 /* LaunchScreen.storyboard in Resources */ = {isa = PBXBuildFile; fileRef = F7F046152420AA7C00365A65 /* LaunchScreen.storyboard */; };
		F7F0461A2420AA7C00365A65 /* main.m in Sources */ = {isa = PBXBuildFile; fileRef = F7F046192420AA7C00365A65 /* main.m */; };
		F7F046242420AA7C00365A65 /* brotherhoodOfficeSystemTests.m in Sources */ = {isa = PBXBuildFile; fileRef = F7F046232420AA7C00365A65 /* brotherhoodOfficeSystemTests.m */; };
		F7F0462F2420AA7C00365A65 /* brotherhoodOfficeSystemUITests.m in Sources */ = {isa = PBXBuildFile; fileRef = F7F0462E2420AA7C00365A65 /* brotherhoodOfficeSystemUITests.m */; };
/* End PBXBuildFile section */

/* Begin PBXContainerItemProxy section */
		F7F046202420AA7C00365A65 /* PBXContainerItemProxy */ = {
			isa = PBXContainerItemProxy;
			containerPortal = F7F045FC2420AA7700365A65 /* Project object */;
			proxyType = 1;
			remoteGlobalIDString = F7F046032420AA7700365A65;
			remoteInfo = brotherhoodOfficeSystem;
		};
		F7F0462B2420AA7C00365A65 /* PBXContainerItemProxy */ = {
			isa = PBXContainerItemProxy;
			containerPortal = F7F045FC2420AA7700365A65 /* Project object */;
			proxyType = 1;
			remoteGlobalIDString = F7F046032420AA7700365A65;
			remoteInfo = brotherhoodOfficeSystem;
		};
/* End PBXContainerItemProxy section */

/* Begin PBXFileReference section */
		00528662BBF4B82453B46181 /* Pods-brotherhoodOfficeSystem.debug.xcconfig */ = {isa = PBXFileReference; includeInIndex = 1; lastKnownFileType = text.xcconfig; name = "Pods-brotherhoodOfficeSystem.debug.xcconfig"; path = "Target Support Files/Pods-brotherhoodOfficeSystem/Pods-brotherhoodOfficeSystem.debug.xcconfig"; sourceTree = "<group>"; };
		09C06DEDCA3F8FCA33B77DF1 /* Pods_brotherhoodOfficeSystem_brotherhoodOfficeSystemUITests.framework */ = {isa = PBXFileReference; explicitFileType = wrapper.framework; includeInIndex = 0; path = Pods_brotherhoodOfficeSystem_brotherhoodOfficeSystemUITests.framework; sourceTree = BUILT_PRODUCTS_DIR; };
		3B0A713324469943005BFFBE /* LeaveTypemodle.h */ = {isa = PBXFileReference; lastKnownFileType = sourcecode.c.h; path = LeaveTypemodle.h; sourceTree = "<group>"; };
		3B0A713424469943005BFFBE /* LeaveTypemodle.m */ = {isa = PBXFileReference; lastKnownFileType = sourcecode.c.objc; path = LeaveTypemodle.m; sourceTree = "<group>"; };
		3B0A71372446E9E8005BFFBE /* ChopersonController.h */ = {isa = PBXFileReference; lastKnownFileType = sourcecode.c.h; path = ChopersonController.h; sourceTree = "<group>"; };
		3B0A71382446E9E8005BFFBE /* ChopersonController.m */ = {isa = PBXFileReference; lastKnownFileType = sourcecode.c.objc; path = ChopersonController.m; sourceTree = "<group>"; };
		3B0A713A2446EB1E005BFFBE /* CustomHeadFooterView.h */ = {isa = PBXFileReference; fileEncoding = 4; lastKnownFileType = sourcecode.c.h; path = CustomHeadFooterView.h; sourceTree = "<group>"; };
		3B0A713B2446EB1E005BFFBE /* CustomHeadFooterView.m */ = {isa = PBXFileReference; fileEncoding = 4; lastKnownFileType = sourcecode.c.objc; path = CustomHeadFooterView.m; sourceTree = "<group>"; };
		3B0A713D2446EB9D005BFFBE /* FriendModel.m */ = {isa = PBXFileReference; fileEncoding = 4; lastKnownFileType = sourcecode.c.objc; path = FriendModel.m; sourceTree = "<group>"; };
		3B0A713E2446EB9D005BFFBE /* GroupModel.m */ = {isa = PBXFileReference; fileEncoding = 4; lastKnownFileType = sourcecode.c.objc; path = GroupModel.m; sourceTree = "<group>"; };
		3B0A713F2446EB9D005BFFBE /* FriendModel.h */ = {isa = PBXFileReference; fileEncoding = 4; lastKnownFileType = sourcecode.c.h; path = FriendModel.h; sourceTree = "<group>"; };
		3B0A71402446EB9D005BFFBE /* GroupModel.h */ = {isa = PBXFileReference; fileEncoding = 4; lastKnownFileType = sourcecode.c.h; path = GroupModel.h; sourceTree = "<group>"; };
		3B0A71432446EBCC005BFFBE /* FriendTableViewCell.m */ = {isa = PBXFileReference; fileEncoding = 4; lastKnownFileType = sourcecode.c.objc; path = FriendTableViewCell.m; sourceTree = "<group>"; };
		3B0A71442446EBCC005BFFBE /* FriendTableViewCell.h */ = {isa = PBXFileReference; fileEncoding = 4; lastKnownFileType = sourcecode.c.h; path = FriendTableViewCell.h; sourceTree = "<group>"; };
		3B0DCBD6244548AC00870587 /* BDImagePicker.m */ = {isa = PBXFileReference; fileEncoding = 4; lastKnownFileType = sourcecode.c.objc; path = BDImagePicker.m; sourceTree = "<group>"; };
		3B0DCBD7244548AC00870587 /* BDImagePicker.h */ = {isa = PBXFileReference; fileEncoding = 4; lastKnownFileType = sourcecode.c.h; path = BDImagePicker.h; sourceTree = "<group>"; };
		3B7807B824416F47008EEE83 /* inductionCell.h */ = {isa = PBXFileReference; lastKnownFileType = sourcecode.c.h; path = inductionCell.h; sourceTree = "<group>"; };
		3B7807B924416F47008EEE83 /* inductionCell.m */ = {isa = PBXFileReference; lastKnownFileType = sourcecode.c.objc; path = inductionCell.m; sourceTree = "<group>"; };
		3BB2CC1224498F74005A515D /* zh-Hans */ = {isa = PBXFileReference; lastKnownFileType = text.plist.strings; name = "zh-Hans"; path = "zh-Hans.lproj/Main.strings"; sourceTree = "<group>"; };
		3BB2CC1324498F75005A515D /* zh-Hans */ = {isa = PBXFileReference; lastKnownFileType = text.plist.strings; name = "zh-Hans"; path = "zh-Hans.lproj/LaunchScreen.strings"; sourceTree = "<group>"; };
		3BB2CC442449A764005A515D /* IQTextView.m */ = {isa = PBXFileReference; fileEncoding = 4; lastKnownFileType = sourcecode.c.objc; path = IQTextView.m; sourceTree = "<group>"; };
		3BB2CC452449A764005A515D /* IQTextView.h */ = {isa = PBXFileReference; fileEncoding = 4; lastKnownFileType = sourcecode.c.h; path = IQTextView.h; sourceTree = "<group>"; };
		3BB2CC472449A764005A515D /* IQUIView+IQKeyboardToolbar.h */ = {isa = PBXFileReference; fileEncoding = 4; lastKnownFileType = sourcecode.c.h; path = "IQUIView+IQKeyboardToolbar.h"; sourceTree = "<group>"; };
		3BB2CC482449A764005A515D /* IQToolbar.m */ = {isa = PBXFileReference; fileEncoding = 4; lastKnownFileType = sourcecode.c.objc; path = IQToolbar.m; sourceTree = "<group>"; };
		3BB2CC492449A764005A515D /* IQPreviousNextView.h */ = {isa = PBXFileReference; fileEncoding = 4; lastKnownFileType = sourcecode.c.h; path = IQPreviousNextView.h; sourceTree = "<group>"; };
		3BB2CC4A2449A764005A515D /* IQTitleBarButtonItem.m */ = {isa = PBXFileReference; fileEncoding = 4; lastKnownFileType = sourcecode.c.objc; path = IQTitleBarButtonItem.m; sourceTree = "<group>"; };
		3BB2CC4B2449A764005A515D /* IQBarButtonItem.m */ = {isa = PBXFileReference; fileEncoding = 4; lastKnownFileType = sourcecode.c.objc; path = IQBarButtonItem.m; sourceTree = "<group>"; };
		3BB2CC4C2449A764005A515D /* IQUIView+IQKeyboardToolbar.m */ = {isa = PBXFileReference; fileEncoding = 4; lastKnownFileType = sourcecode.c.objc; path = "IQUIView+IQKeyboardToolbar.m"; sourceTree = "<group>"; };
		3BB2CC4D2449A764005A515D /* IQPreviousNextView.m */ = {isa = PBXFileReference; fileEncoding = 4; lastKnownFileType = sourcecode.c.objc; path = IQPreviousNextView.m; sourceTree = "<group>"; };
		3BB2CC4E2449A764005A515D /* IQToolbar.h */ = {isa = PBXFileReference; fileEncoding = 4; lastKnownFileType = sourcecode.c.h; path = IQToolbar.h; sourceTree = "<group>"; };
		3BB2CC4F2449A764005A515D /* IQBarButtonItem.h */ = {isa = PBXFileReference; fileEncoding = 4; lastKnownFileType = sourcecode.c.h; path = IQBarButtonItem.h; sourceTree = "<group>"; };
		3BB2CC502449A764005A515D /* IQTitleBarButtonItem.h */ = {isa = PBXFileReference; fileEncoding = 4; lastKnownFileType = sourcecode.c.h; path = IQTitleBarButtonItem.h; sourceTree = "<group>"; };
		3BB2CC522449A764005A515D /* IQKeyboardManagerConstantsInternal.h */ = {isa = PBXFileReference; fileEncoding = 4; lastKnownFileType = sourcecode.c.h; path = IQKeyboardManagerConstantsInternal.h; sourceTree = "<group>"; };
		3BB2CC532449A764005A515D /* IQKeyboardManagerConstants.h */ = {isa = PBXFileReference; fileEncoding = 4; lastKnownFileType = sourcecode.c.h; path = IQKeyboardManagerConstants.h; sourceTree = "<group>"; };
		3BB2CC542449A764005A515D /* IQKeyboardReturnKeyHandler.h */ = {isa = PBXFileReference; fileEncoding = 4; lastKnownFileType = sourcecode.c.h; path = IQKeyboardReturnKeyHandler.h; sourceTree = "<group>"; };
		3BB2CC552449A764005A515D /* IQKeyboardManager.h */ = {isa = PBXFileReference; fileEncoding = 4; lastKnownFileType = sourcecode.c.h; path = IQKeyboardManager.h; sourceTree = "<group>"; };
		3BB2CC562449A764005A515D /* IQKeyboardManager.m */ = {isa = PBXFileReference; fileEncoding = 4; lastKnownFileType = sourcecode.c.objc; path = IQKeyboardManager.m; sourceTree = "<group>"; };
		3BB2CC582449A764005A515D /* IQNSArray+Sort.m */ = {isa = PBXFileReference; fileEncoding = 4; lastKnownFileType = sourcecode.c.objc; path = "IQNSArray+Sort.m"; sourceTree = "<group>"; };
		3BB2CC592449A764005A515D /* IQUIViewController+Additions.h */ = {isa = PBXFileReference; fileEncoding = 4; lastKnownFileType = sourcecode.c.h; path = "IQUIViewController+Additions.h"; sourceTree = "<group>"; };
		3BB2CC5A2449A764005A515D /* IQUITextFieldView+Additions.m */ = {isa = PBXFileReference; fileEncoding = 4; lastKnownFileType = sourcecode.c.objc; path = "IQUITextFieldView+Additions.m"; sourceTree = "<group>"; };
		3BB2CC5B2449A764005A515D /* IQUIScrollView+Additions.m */ = {isa = PBXFileReference; fileEncoding = 4; lastKnownFileType = sourcecode.c.objc; path = "IQUIScrollView+Additions.m"; sourceTree = "<group>"; };
		3BB2CC5C2449A764005A515D /* IQUIView+Hierarchy.m */ = {isa = PBXFileReference; fileEncoding = 4; lastKnownFileType = sourcecode.c.objc; path = "IQUIView+Hierarchy.m"; sourceTree = "<group>"; };
		3BB2CC5D2449A764005A515D /* IQNSArray+Sort.h */ = {isa = PBXFileReference; fileEncoding = 4; lastKnownFileType = sourcecode.c.h; path = "IQNSArray+Sort.h"; sourceTree = "<group>"; };
		3BB2CC5E2449A764005A515D /* IQUIScrollView+Additions.h */ = {isa = PBXFileReference; fileEncoding = 4; lastKnownFileType = sourcecode.c.h; path = "IQUIScrollView+Additions.h"; sourceTree = "<group>"; };
		3BB2CC5F2449A764005A515D /* IQUITextFieldView+Additions.h */ = {isa = PBXFileReference; fileEncoding = 4; lastKnownFileType = sourcecode.c.h; path = "IQUITextFieldView+Additions.h"; sourceTree = "<group>"; };
		3BB2CC602449A764005A515D /* IQUIViewController+Additions.m */ = {isa = PBXFileReference; fileEncoding = 4; lastKnownFileType = sourcecode.c.objc; path = "IQUIViewController+Additions.m"; sourceTree = "<group>"; };
		3BB2CC612449A764005A515D /* IQUIView+Hierarchy.h */ = {isa = PBXFileReference; fileEncoding = 4; lastKnownFileType = sourcecode.c.h; path = "IQUIView+Hierarchy.h"; sourceTree = "<group>"; };
		3BB2CC622449A764005A515D /* IQKeyboardReturnKeyHandler.m */ = {isa = PBXFileReference; fileEncoding = 4; lastKnownFileType = sourcecode.c.objc; path = IQKeyboardReturnKeyHandler.m; sourceTree = "<group>"; };
		3BB4EC7B244A88E30025F476 /* requstTableViewCell.h */ = {isa = PBXFileReference; lastKnownFileType = sourcecode.c.h; path = requstTableViewCell.h; sourceTree = "<group>"; };
		3BB4EC7C244A88E30025F476 /* requstTableViewCell.m */ = {isa = PBXFileReference; lastKnownFileType = sourcecode.c.objc; path = requstTableViewCell.m; sourceTree = "<group>"; };
		3BB4EC7F244A9FA20025F476 /* requstModel.h */ = {isa = PBXFileReference; lastKnownFileType = sourcecode.c.h; path = requstModel.h; sourceTree = "<group>"; };
		3BB4EC80244A9FA20025F476 /* requstModel.m */ = {isa = PBXFileReference; lastKnownFileType = sourcecode.c.objc; path = requstModel.m; sourceTree = "<group>"; };
		3BB4EC82244AE09B0025F476 /* RqtDetailsController.h */ = {isa = PBXFileReference; lastKnownFileType = sourcecode.c.h; path = RqtDetailsController.h; sourceTree = "<group>"; };
		3BB4EC83244AE09B0025F476 /* RqtDetailsController.m */ = {isa = PBXFileReference; lastKnownFileType = sourcecode.c.objc; path = RqtDetailsController.m; sourceTree = "<group>"; };
		3BB4EC85244AE5170025F476 /* RqtDetailsCell.h */ = {isa = PBXFileReference; lastKnownFileType = sourcecode.c.h; path = RqtDetailsCell.h; sourceTree = "<group>"; };
		3BB4EC86244AE5170025F476 /* RqtDetailsCell.m */ = {isa = PBXFileReference; lastKnownFileType = sourcecode.c.objc; path = RqtDetailsCell.m; sourceTree = "<group>"; };
		3BB4EC88244AE5C20025F476 /* rqtDetModel.h */ = {isa = PBXFileReference; lastKnownFileType = sourcecode.c.h; path = rqtDetModel.h; sourceTree = "<group>"; };
		3BB4EC89244AE5C20025F476 /* rqtDetModel.m */ = {isa = PBXFileReference; lastKnownFileType = sourcecode.c.objc; path = rqtDetModel.m; sourceTree = "<group>"; };
		3BB4EC8B244AEB7C0025F476 /* qtdetaCell.h */ = {isa = PBXFileReference; lastKnownFileType = sourcecode.c.h; path = qtdetaCell.h; sourceTree = "<group>"; };
		3BB4EC8C244AEB7C0025F476 /* qtdetaCell.m */ = {isa = PBXFileReference; lastKnownFileType = sourcecode.c.objc; path = qtdetaCell.m; sourceTree = "<group>"; };
		3BB4EC8E244AECF00025F476 /* qtdetaModel.h */ = {isa = PBXFileReference; lastKnownFileType = sourcecode.c.h; path = qtdetaModel.h; sourceTree = "<group>"; };
		3BB4EC8F244AECF00025F476 /* qtdetaModel.m */ = {isa = PBXFileReference; lastKnownFileType = sourcecode.c.objc; path = qtdetaModel.m; sourceTree = "<group>"; };
		3BFCC95D2445C0BC00D2CB41 /* HaveController.h */ = {isa = PBXFileReference; lastKnownFileType = sourcecode.c.h; path = HaveController.h; sourceTree = "<group>"; };
		3BFCC95E2445C0BC00D2CB41 /* HaveController.m */ = {isa = PBXFileReference; lastKnownFileType = sourcecode.c.objc; path = HaveController.m; sourceTree = "<group>"; };
		3BFCC9612445C16D00D2CB41 /* requestController.h */ = {isa = PBXFileReference; lastKnownFileType = sourcecode.c.h; path = requestController.h; sourceTree = "<group>"; };
		3BFCC9622445C16D00D2CB41 /* requestController.m */ = {isa = PBXFileReference; lastKnownFileType = sourcecode.c.objc; path = requestController.m; sourceTree = "<group>"; };
		46794B329A268856D5E24EC1 /* Pods_brotherhoodOfficeSystem.framework */ = {isa = PBXFileReference; explicitFileType = wrapper.framework; includeInIndex = 0; path = Pods_brotherhoodOfficeSystem.framework; sourceTree = BUILT_PRODUCTS_DIR; };
		518D63AC07C96812CDAF2EBB /* Pods-brotherhoodOfficeSystemTests.release.xcconfig */ = {isa = PBXFileReference; includeInIndex = 1; lastKnownFileType = text.xcconfig; name = "Pods-brotherhoodOfficeSystemTests.release.xcconfig"; path = "Target Support Files/Pods-brotherhoodOfficeSystemTests/Pods-brotherhoodOfficeSystemTests.release.xcconfig"; sourceTree = "<group>"; };
		584E9F064660C42A53C2561F /* Pods-brotherhoodOfficeSystem.release.xcconfig */ = {isa = PBXFileReference; includeInIndex = 1; lastKnownFileType = text.xcconfig; name = "Pods-brotherhoodOfficeSystem.release.xcconfig"; path = "Target Support Files/Pods-brotherhoodOfficeSystem/Pods-brotherhoodOfficeSystem.release.xcconfig"; sourceTree = "<group>"; };
		5E9996407AE355D813C8A717 /* Pods-brotherhoodOfficeSystem-brotherhoodOfficeSystemUITests.debug.xcconfig */ = {isa = PBXFileReference; includeInIndex = 1; lastKnownFileType = text.xcconfig; name = "Pods-brotherhoodOfficeSystem-brotherhoodOfficeSystemUITests.debug.xcconfig"; path = "Target Support Files/Pods-brotherhoodOfficeSystem-brotherhoodOfficeSystemUITests/Pods-brotherhoodOfficeSystem-brotherhoodOfficeSystemUITests.debug.xcconfig"; sourceTree = "<group>"; };
		62B17824283800011D283562 /* Pods_brotherhoodOfficeSystemTests.framework */ = {isa = PBXFileReference; explicitFileType = wrapper.framework; includeInIndex = 0; path = Pods_brotherhoodOfficeSystemTests.framework; sourceTree = BUILT_PRODUCTS_DIR; };
		D2D7DB3A655039A5644A273A /* Pods-brotherhoodOfficeSystem-brotherhoodOfficeSystemUITests.release.xcconfig */ = {isa = PBXFileReference; includeInIndex = 1; lastKnownFileType = text.xcconfig; name = "Pods-brotherhoodOfficeSystem-brotherhoodOfficeSystemUITests.release.xcconfig"; path = "Target Support Files/Pods-brotherhoodOfficeSystem-brotherhoodOfficeSystemUITests/Pods-brotherhoodOfficeSystem-brotherhoodOfficeSystemUITests.release.xcconfig"; sourceTree = "<group>"; };
		EE89F40DD11FDFD081D54759 /* Pods-brotherhoodOfficeSystemTests.debug.xcconfig */ = {isa = PBXFileReference; includeInIndex = 1; lastKnownFileType = text.xcconfig; name = "Pods-brotherhoodOfficeSystemTests.debug.xcconfig"; path = "Target Support Files/Pods-brotherhoodOfficeSystemTests/Pods-brotherhoodOfficeSystemTests.debug.xcconfig"; sourceTree = "<group>"; };
		F7074BCB2448A07F00D40A77 /* todetailsController.h */ = {isa = PBXFileReference; lastKnownFileType = sourcecode.c.h; path = todetailsController.h; sourceTree = "<group>"; };
		F7074BCC2448A07F00D40A77 /* todetailsController.m */ = {isa = PBXFileReference; lastKnownFileType = sourcecode.c.objc; path = todetailsController.m; sourceTree = "<group>"; };
		F7074BCF2448A0FC00D40A77 /* todoTableViewCell.h */ = {isa = PBXFileReference; lastKnownFileType = sourcecode.c.h; path = todoTableViewCell.h; sourceTree = "<group>"; };
		F7074BD02448A0FC00D40A77 /* todoTableViewCell.m */ = {isa = PBXFileReference; lastKnownFileType = sourcecode.c.objc; path = todoTableViewCell.m; sourceTree = "<group>"; };
		F72FA1BA243DAC44000343FC /* HomeMenuCell.m */ = {isa = PBXFileReference; fileEncoding = 4; lastKnownFileType = sourcecode.c.objc; path = HomeMenuCell.m; sourceTree = "<group>"; };
		F72FA1BB243DAC44000343FC /* HomeMenuCell.h */ = {isa = PBXFileReference; fileEncoding = 4; lastKnownFileType = sourcecode.c.h; path = HomeMenuCell.h; sourceTree = "<group>"; };
		F72FA1BC243DAC44000343FC /* JZMTBtnView.h */ = {isa = PBXFileReference; fileEncoding = 4; lastKnownFileType = sourcecode.c.h; path = JZMTBtnView.h; sourceTree = "<group>"; };
		F72FA1BD243DAC44000343FC /* JZMTBtnView.m */ = {isa = PBXFileReference; fileEncoding = 4; lastKnownFileType = sourcecode.c.objc; path = JZMTBtnView.m; sourceTree = "<group>"; };
		F72FA1C2243DAD5A000343FC /* Property.plist */ = {isa = PBXFileReference; fileEncoding = 4; lastKnownFileType = text.plist.xml; path = Property.plist; sourceTree = "<group>"; };
		F74677E1244022020093D5D1 /* TextViewCell.h */ = {isa = PBXFileReference; lastKnownFileType = sourcecode.c.h; path = TextViewCell.h; sourceTree = "<group>"; };
		F74677E2244022020093D5D1 /* TextViewCell.m */ = {isa = PBXFileReference; lastKnownFileType = sourcecode.c.objc; path = TextViewCell.m; sourceTree = "<group>"; };
		F74677E4244023540093D5D1 /* PlaceholderTextView.h */ = {isa = PBXFileReference; fileEncoding = 4; lastKnownFileType = sourcecode.c.h; path = PlaceholderTextView.h; sourceTree = "<group>"; };
		F74677E5244023540093D5D1 /* PlaceholderTextView.m */ = {isa = PBXFileReference; fileEncoding = 4; lastKnownFileType = sourcecode.c.objc; path = PlaceholderTextView.m; sourceTree = "<group>"; };
		F74677E8244052340093D5D1 /* ZXDmethod.h */ = {isa = PBXFileReference; lastKnownFileType = sourcecode.c.h; path = ZXDmethod.h; sourceTree = "<group>"; };
		F74677E9244052340093D5D1 /* ZXDmethod.m */ = {isa = PBXFileReference; lastKnownFileType = sourcecode.c.objc; path = ZXDmethod.m; sourceTree = "<group>"; };
		F74677EB244059FE0093D5D1 /* Homeheader.h */ = {isa = PBXFileReference; lastKnownFileType = sourcecode.c.h; path = Homeheader.h; sourceTree = "<group>"; };
		F74677EC244059FE0093D5D1 /* Homeheader.m */ = {isa = PBXFileReference; lastKnownFileType = sourcecode.c.objc; path = Homeheader.m; sourceTree = "<group>"; };
		F74677EF2440683D0093D5D1 /* UIView+WLFrame.h */ = {isa = PBXFileReference; fileEncoding = 4; lastKnownFileType = sourcecode.c.h; path = "UIView+WLFrame.h"; sourceTree = "<group>"; };
		F74677F02440683D0093D5D1 /* UIView+WLFrame.m */ = {isa = PBXFileReference; fileEncoding = 4; lastKnownFileType = sourcecode.c.objc; path = "UIView+WLFrame.m"; sourceTree = "<group>"; };
		F787B5AB24231D2400411DED /* AccountViewController.m */ = {isa = PBXFileReference; fileEncoding = 4; lastKnownFileType = sourcecode.c.objc; path = AccountViewController.m; sourceTree = "<group>"; };
		F787B5AD24231D2400411DED /* HomepageController.h */ = {isa = PBXFileReference; fileEncoding = 4; lastKnownFileType = sourcecode.c.h; path = HomepageController.h; sourceTree = "<group>"; };
		F787B5AF24231D2500411DED /* MyCityViewController.h */ = {isa = PBXFileReference; fileEncoding = 4; lastKnownFileType = sourcecode.c.h; path = MyCityViewController.h; sourceTree = "<group>"; };
		F787B5B024231D2500411DED /* AccountViewController.h */ = {isa = PBXFileReference; fileEncoding = 4; lastKnownFileType = sourcecode.c.h; path = AccountViewController.h; sourceTree = "<group>"; };
		F787B5B124231D2500411DED /* HomepageController.m */ = {isa = PBXFileReference; fileEncoding = 4; lastKnownFileType = sourcecode.c.objc; path = HomepageController.m; sourceTree = "<group>"; };
		F787B5B224231D2500411DED /* MyCityViewController.m */ = {isa = PBXFileReference; fileEncoding = 4; lastKnownFileType = sourcecode.c.objc; path = MyCityViewController.m; sourceTree = "<group>"; };
		F787B5B724231E7D00411DED /* PrefixHeader.pch */ = {isa = PBXFileReference; lastKnownFileType = sourcecode.c.h; path = PrefixHeader.pch; sourceTree = "<group>"; };
		F78A249E24434B9B00505C4C /* timeLineCell.h */ = {isa = PBXFileReference; lastKnownFileType = sourcecode.c.h; path = timeLineCell.h; sourceTree = "<group>"; };
		F78A249F24434B9B00505C4C /* timeLineCell.m */ = {isa = PBXFileReference; lastKnownFileType = sourcecode.c.objc; path = timeLineCell.m; sourceTree = "<group>"; };
		F78A24A124435C8800505C4C /* timeLineModel.h */ = {isa = PBXFileReference; lastKnownFileType = sourcecode.c.h; path = timeLineModel.h; sourceTree = "<group>"; };
		F78A24A224435C8800505C4C /* timeLineModel.m */ = {isa = PBXFileReference; lastKnownFileType = sourcecode.c.objc; path = timeLineModel.m; sourceTree = "<group>"; };
		F79A835F2441F57100D8F839 /* ZXDNetworking.h */ = {isa = PBXFileReference; fileEncoding = 4; lastKnownFileType = sourcecode.c.h; path = ZXDNetworking.h; sourceTree = "<group>"; };
		F79A83602441F57100D8F839 /* ZXDNetworking.m */ = {isa = PBXFileReference; fileEncoding = 4; lastKnownFileType = sourcecode.c.objc; path = ZXDNetworking.m; sourceTree = "<group>"; };
		F79A83622441F69A00D8F839 /* MBProgressHUD+Add.h */ = {isa = PBXFileReference; fileEncoding = 4; lastKnownFileType = sourcecode.c.h; path = "MBProgressHUD+Add.h"; sourceTree = "<group>"; };
		F79A83632441F69A00D8F839 /* MBProgressHUD+Add.m */ = {isa = PBXFileReference; fileEncoding = 4; lastKnownFileType = sourcecode.c.objc; path = "MBProgressHUD+Add.m"; sourceTree = "<group>"; };
		F79A83672441F78B00D8F839 /* PWAlertView.h */ = {isa = PBXFileReference; fileEncoding = 4; lastKnownFileType = sourcecode.c.h; path = PWAlertView.h; sourceTree = "<group>"; };
		F79A83682441F78B00D8F839 /* PWAlertView.m */ = {isa = PBXFileReference; fileEncoding = 4; lastKnownFileType = sourcecode.c.objc; path = PWAlertView.m; sourceTree = "<group>"; };
		F79A836A244206D900D8F839 /* ELNAlerTool.h */ = {isa = PBXFileReference; fileEncoding = 4; lastKnownFileType = sourcecode.c.h; path = ELNAlerTool.h; sourceTree = "<group>"; };
		F79A836B244206D900D8F839 /* ELNAlerTool.m */ = {isa = PBXFileReference; fileEncoding = 4; lastKnownFileType = sourcecode.c.objc; path = ELNAlerTool.m; sourceTree = "<group>"; };
		F7A8F461243DF0870084D386 /* todoController.h */ = {isa = PBXFileReference; lastKnownFileType = sourcecode.c.h; path = todoController.h; sourceTree = "<group>"; };
		F7A8F462243DF0870084D386 /* todoController.m */ = {isa = PBXFileReference; lastKnownFileType = sourcecode.c.objc; path = todoController.m; sourceTree = "<group>"; };
		F7A8F464243DF0AB0084D386 /* DepartureController.h */ = {isa = PBXFileReference; lastKnownFileType = sourcecode.c.h; path = DepartureController.h; sourceTree = "<group>"; };
		F7A8F465243DF0AB0084D386 /* DepartureController.m */ = {isa = PBXFileReference; lastKnownFileType = sourcecode.c.objc; path = DepartureController.m; sourceTree = "<group>"; };
		F7A8F467243DF0C20084D386 /* InductionController.h */ = {isa = PBXFileReference; lastKnownFileType = sourcecode.c.h; path = InductionController.h; sourceTree = "<group>"; };
		F7A8F468243DF0C20084D386 /* InductionController.m */ = {isa = PBXFileReference; lastKnownFileType = sourcecode.c.objc; path = InductionController.m; sourceTree = "<group>"; };
		F7A8F46A243DF0E10084D386 /* AskLeaveController.h */ = {isa = PBXFileReference; lastKnownFileType = sourcecode.c.h; path = AskLeaveController.h; sourceTree = "<group>"; };
		F7A8F46B243DF0E10084D386 /* AskLeaveController.m */ = {isa = PBXFileReference; lastKnownFileType = sourcecode.c.objc; path = AskLeaveController.m; sourceTree = "<group>"; };
		F7A8F46D243DF1190084D386 /* AttendController.h */ = {isa = PBXFileReference; lastKnownFileType = sourcecode.c.h; path = AttendController.h; sourceTree = "<group>"; };
		F7A8F46E243DF1190084D386 /* AttendController.m */ = {isa = PBXFileReference; lastKnownFileType = sourcecode.c.objc; path = AttendController.m; sourceTree = "<group>"; };
		F7A8F470243DFDD90084D386 /* AskTableViewCell.h */ = {isa = PBXFileReference; lastKnownFileType = sourcecode.c.h; path = AskTableViewCell.h; sourceTree = "<group>"; };
		F7A8F471243DFDD90084D386 /* AskTableViewCell.m */ = {isa = PBXFileReference; lastKnownFileType = sourcecode.c.objc; path = AskTableViewCell.m; sourceTree = "<group>"; };
		F7A8F473243DFF5E0084D386 /* SelecTableViewCell.h */ = {isa = PBXFileReference; lastKnownFileType = sourcecode.c.h; path = SelecTableViewCell.h; sourceTree = "<group>"; };
		F7A8F474243DFF5E0084D386 /* SelecTableViewCell.m */ = {isa = PBXFileReference; lastKnownFileType = sourcecode.c.objc; path = SelecTableViewCell.m; sourceTree = "<group>"; };
		F7BB1797243C137F003A19D1 /* NNNavigationController.m */ = {isa = PBXFileReference; fileEncoding = 4; lastKnownFileType = sourcecode.c.objc; path = NNNavigationController.m; sourceTree = "<group>"; };
		F7BB1798243C137F003A19D1 /* NNTabBarController.h */ = {isa = PBXFileReference; fileEncoding = 4; lastKnownFileType = sourcecode.c.h; path = NNTabBarController.h; sourceTree = "<group>"; };
		F7BB1799243C137F003A19D1 /* NNNavigationController.h */ = {isa = PBXFileReference; fileEncoding = 4; lastKnownFileType = sourcecode.c.h; path = NNNavigationController.h; sourceTree = "<group>"; };
		F7BB179A243C137F003A19D1 /* NNTabBarController.m */ = {isa = PBXFileReference; fileEncoding = 4; lastKnownFileType = sourcecode.c.objc; path = NNTabBarController.m; sourceTree = "<group>"; };
		F7BB179E243C1F77003A19D1 /* LoginViewController.h */ = {isa = PBXFileReference; lastKnownFileType = sourcecode.c.h; path = LoginViewController.h; sourceTree = "<group>"; };
		F7BB179F243C1F77003A19D1 /* LoginViewController.m */ = {isa = PBXFileReference; lastKnownFileType = sourcecode.c.objc; path = LoginViewController.m; sourceTree = "<group>"; };
		F7BB17A1243C51C0003A19D1 /* loginTextField.h */ = {isa = PBXFileReference; fileEncoding = 4; lastKnownFileType = sourcecode.c.h; path = loginTextField.h; sourceTree = "<group>"; };
		F7BB17A2243C51C0003A19D1 /* loginTextField.m */ = {isa = PBXFileReference; fileEncoding = 4; lastKnownFileType = sourcecode.c.objc; path = loginTextField.m; sourceTree = "<group>"; };
		F7BC578A24449B020031DB2E /* BRTextField.m */ = {isa = PBXFileReference; fileEncoding = 4; lastKnownFileType = sourcecode.c.objc; path = BRTextField.m; sourceTree = "<group>"; };
		F7BC578B24449B020031DB2E /* NSDate+BRAdd.h */ = {isa = PBXFileReference; fileEncoding = 4; lastKnownFileType = sourcecode.c.h; path = "NSDate+BRAdd.h"; sourceTree = "<group>"; };
		F7BC578C24449B020031DB2E /* NSDate+BRAdd.m */ = {isa = PBXFileReference; fileEncoding = 4; lastKnownFileType = sourcecode.c.objc; path = "NSDate+BRAdd.m"; sourceTree = "<group>"; };
		F7BC578D24449B020031DB2E /* BRTextField.h */ = {isa = PBXFileReference; fileEncoding = 4; lastKnownFileType = sourcecode.c.h; path = BRTextField.h; sourceTree = "<group>"; };
		F7C5C324242A486E00A75289 /* UIButton+BBTButton.m */ = {isa = PBXFileReference; fileEncoding = 4; lastKnownFileType = sourcecode.c.objc; path = "UIButton+BBTButton.m"; sourceTree = "<group>"; };
		F7C5C325242A486E00A75289 /* UIView+EXTENSION.h */ = {isa = PBXFileReference; fileEncoding = 4; lastKnownFileType = sourcecode.c.h; path = "UIView+EXTENSION.h"; sourceTree = "<group>"; };
		F7C5C326242A486E00A75289 /* UIButton+BBTButton.h */ = {isa = PBXFileReference; fileEncoding = 4; lastKnownFileType = sourcecode.c.h; path = "UIButton+BBTButton.h"; sourceTree = "<group>"; };
		F7C5C327242A486E00A75289 /* UIView+EXTENSION.m */ = {isa = PBXFileReference; fileEncoding = 4; lastKnownFileType = sourcecode.c.objc; path = "UIView+EXTENSION.m"; sourceTree = "<group>"; };
		F7CCD10F244B51A600EF0855 /* haveCell.h */ = {isa = PBXFileReference; lastKnownFileType = sourcecode.c.h; path = haveCell.h; sourceTree = "<group>"; };
		F7CCD110244B51A600EF0855 /* haveCell.m */ = {isa = PBXFileReference; lastKnownFileType = sourcecode.c.objc; path = haveCell.m; sourceTree = "<group>"; };
		F7CCD113244B523100EF0855 /* HaveModel.h */ = {isa = PBXFileReference; lastKnownFileType = sourcecode.c.h; path = HaveModel.h; sourceTree = "<group>"; };
		F7CCD114244B523100EF0855 /* HaveModel.m */ = {isa = PBXFileReference; lastKnownFileType = sourcecode.c.objc; path = HaveModel.m; sourceTree = "<group>"; };
		F7F046042420AA7700365A65 /* 中国兄弟团.app */ = {isa = PBXFileReference; explicitFileType = wrapper.application; includeInIndex = 0; path = "中国兄弟团.app"; sourceTree = BUILT_PRODUCTS_DIR; };
		F7F046072420AA7700365A65 /* AppDelegate.h */ = {isa = PBXFileReference; lastKnownFileType = sourcecode.c.h; path = AppDelegate.h; sourceTree = "<group>"; };
		F7F046082420AA7700365A65 /* AppDelegate.m */ = {isa = PBXFileReference; lastKnownFileType = sourcecode.c.objc; path = AppDelegate.m; sourceTree = "<group>"; };
		F7F0460D2420AA7700365A65 /* ViewController.h */ = {isa = PBXFileReference; lastKnownFileType = sourcecode.c.h; path = ViewController.h; sourceTree = "<group>"; };
		F7F0460E2420AA7700365A65 /* ViewController.m */ = {isa = PBXFileReference; lastKnownFileType = sourcecode.c.objc; path = ViewController.m; sourceTree = "<group>"; };
		F7F046112420AA7700365A65 /* Base */ = {isa = PBXFileReference; lastKnownFileType = file.storyboard; name = Base; path = Base.lproj/Main.storyboard; sourceTree = "<group>"; };
		F7F046132420AA7C00365A65 /* Assets.xcassets */ = {isa = PBXFileReference; lastKnownFileType = folder.assetcatalog; path = Assets.xcassets; sourceTree = "<group>"; };
		F7F046162420AA7C00365A65 /* Base */ = {isa = PBXFileReference; lastKnownFileType = file.storyboard; name = Base; path = Base.lproj/LaunchScreen.storyboard; sourceTree = "<group>"; };
		F7F046182420AA7C00365A65 /* Info.plist */ = {isa = PBXFileReference; lastKnownFileType = text.plist.xml; path = Info.plist; sourceTree = "<group>"; };
		F7F046192420AA7C00365A65 /* main.m */ = {isa = PBXFileReference; lastKnownFileType = sourcecode.c.objc; path = main.m; sourceTree = "<group>"; };
		F7F0461F2420AA7C00365A65 /* brotherhoodOfficeSystemTests.xctest */ = {isa = PBXFileReference; explicitFileType = wrapper.cfbundle; includeInIndex = 0; path = brotherhoodOfficeSystemTests.xctest; sourceTree = BUILT_PRODUCTS_DIR; };
		F7F046232420AA7C00365A65 /* brotherhoodOfficeSystemTests.m */ = {isa = PBXFileReference; lastKnownFileType = sourcecode.c.objc; path = brotherhoodOfficeSystemTests.m; sourceTree = "<group>"; };
		F7F046252420AA7C00365A65 /* Info.plist */ = {isa = PBXFileReference; lastKnownFileType = text.plist.xml; path = Info.plist; sourceTree = "<group>"; };
		F7F0462A2420AA7C00365A65 /* brotherhoodOfficeSystemUITests.xctest */ = {isa = PBXFileReference; explicitFileType = wrapper.cfbundle; includeInIndex = 0; path = brotherhoodOfficeSystemUITests.xctest; sourceTree = BUILT_PRODUCTS_DIR; };
		F7F0462E2420AA7C00365A65 /* brotherhoodOfficeSystemUITests.m */ = {isa = PBXFileReference; lastKnownFileType = sourcecode.c.objc; path = brotherhoodOfficeSystemUITests.m; sourceTree = "<group>"; };
		F7F046302420AA7C00365A65 /* Info.plist */ = {isa = PBXFileReference; lastKnownFileType = text.plist.xml; path = Info.plist; sourceTree = "<group>"; };
		F7F0463D2420AD1900365A65 /* Singleton.h */ = {isa = PBXFileReference; lastKnownFileType = sourcecode.c.h; path = Singleton.h; sourceTree = "<group>"; };
/* End PBXFileReference section */

/* Begin PBXFrameworksBuildPhase section */
		F7F046012420AA7700365A65 /* Frameworks */ = {
			isa = PBXFrameworksBuildPhase;
			buildActionMask = 2147483647;
			files = (
				CE66466427FAB4C0A36AD646 /* Pods_brotherhoodOfficeSystem.framework in Frameworks */,
			);
			runOnlyForDeploymentPostprocessing = 0;
		};
		F7F0461C2420AA7C00365A65 /* Frameworks */ = {
			isa = PBXFrameworksBuildPhase;
			buildActionMask = 2147483647;
			files = (
				4497113322D6586690514D0D /* Pods_brotherhoodOfficeSystemTests.framework in Frameworks */,
			);
			runOnlyForDeploymentPostprocessing = 0;
		};
		F7F046272420AA7C00365A65 /* Frameworks */ = {
			isa = PBXFrameworksBuildPhase;
			buildActionMask = 2147483647;
			files = (
				9A9203859B40AA87A44C32BC /* Pods_brotherhoodOfficeSystem_brotherhoodOfficeSystemUITests.framework in Frameworks */,
			);
			runOnlyForDeploymentPostprocessing = 0;
		};
/* End PBXFrameworksBuildPhase section */

/* Begin PBXGroup section */
		3B0A7132244698EA005BFFBE /* modle */ = {
			isa = PBXGroup;
			children = (
				3B0A713324469943005BFFBE /* LeaveTypemodle.h */,
				3B0A713424469943005BFFBE /* LeaveTypemodle.m */,
			);
			path = modle;
			sourceTree = "<group>";
		};
		3B0A71362446E985005BFFBE /* jiaojieren */ = {
			isa = PBXGroup;
			children = (
				3B0A713A2446EB1E005BFFBE /* CustomHeadFooterView.h */,
				3B0A713B2446EB1E005BFFBE /* CustomHeadFooterView.m */,
				3B0A713F2446EB9D005BFFBE /* FriendModel.h */,
				3B0A713D2446EB9D005BFFBE /* FriendModel.m */,
				3B0A71402446EB9D005BFFBE /* GroupModel.h */,
				3B0A713E2446EB9D005BFFBE /* GroupModel.m */,
				3B0A71442446EBCC005BFFBE /* FriendTableViewCell.h */,
				3B0A71432446EBCC005BFFBE /* FriendTableViewCell.m */,
				3B0A71372446E9E8005BFFBE /* ChopersonController.h */,
				3B0A71382446E9E8005BFFBE /* ChopersonController.m */,
			);
			path = jiaojieren;
			sourceTree = "<group>";
		};
		3B0DCBD5244548AC00870587 /* BDImagePicker */ = {
			isa = PBXGroup;
			children = (
				3B0DCBD7244548AC00870587 /* BDImagePicker.h */,
				3B0DCBD6244548AC00870587 /* BDImagePicker.m */,
			);
			path = BDImagePicker;
			sourceTree = "<group>";
		};
		3BB2CC422449A764005A515D /* IQKeyboardManager */ = {
			isa = PBXGroup;
			children = (
				3BB2CC432449A764005A515D /* IQTextView */,
				3BB2CC462449A764005A515D /* IQToolbar */,
				3BB2CC512449A764005A515D /* Constants */,
				3BB2CC542449A764005A515D /* IQKeyboardReturnKeyHandler.h */,
				3BB2CC552449A764005A515D /* IQKeyboardManager.h */,
				3BB2CC562449A764005A515D /* IQKeyboardManager.m */,
				3BB2CC572449A764005A515D /* Categories */,
				3BB2CC622449A764005A515D /* IQKeyboardReturnKeyHandler.m */,
			);
			path = IQKeyboardManager;
			sourceTree = "<group>";
		};
		3BB2CC432449A764005A515D /* IQTextView */ = {
			isa = PBXGroup;
			children = (
				3BB2CC442449A764005A515D /* IQTextView.m */,
				3BB2CC452449A764005A515D /* IQTextView.h */,
			);
			path = IQTextView;
			sourceTree = "<group>";
		};
		3BB2CC462449A764005A515D /* IQToolbar */ = {
			isa = PBXGroup;
			children = (
				3BB2CC472449A764005A515D /* IQUIView+IQKeyboardToolbar.h */,
				3BB2CC482449A764005A515D /* IQToolbar.m */,
				3BB2CC492449A764005A515D /* IQPreviousNextView.h */,
				3BB2CC4A2449A764005A515D /* IQTitleBarButtonItem.m */,
				3BB2CC4B2449A764005A515D /* IQBarButtonItem.m */,
				3BB2CC4C2449A764005A515D /* IQUIView+IQKeyboardToolbar.m */,
				3BB2CC4D2449A764005A515D /* IQPreviousNextView.m */,
				3BB2CC4E2449A764005A515D /* IQToolbar.h */,
				3BB2CC4F2449A764005A515D /* IQBarButtonItem.h */,
				3BB2CC502449A764005A515D /* IQTitleBarButtonItem.h */,
			);
			path = IQToolbar;
			sourceTree = "<group>";
		};
		3BB2CC512449A764005A515D /* Constants */ = {
			isa = PBXGroup;
			children = (
				3BB2CC522449A764005A515D /* IQKeyboardManagerConstantsInternal.h */,
				3BB2CC532449A764005A515D /* IQKeyboardManagerConstants.h */,
			);
			path = Constants;
			sourceTree = "<group>";
		};
		3BB2CC572449A764005A515D /* Categories */ = {
			isa = PBXGroup;
			children = (
				3BB2CC582449A764005A515D /* IQNSArray+Sort.m */,
				3BB2CC592449A764005A515D /* IQUIViewController+Additions.h */,
				3BB2CC5A2449A764005A515D /* IQUITextFieldView+Additions.m */,
				3BB2CC5B2449A764005A515D /* IQUIScrollView+Additions.m */,
				3BB2CC5C2449A764005A515D /* IQUIView+Hierarchy.m */,
				3BB2CC5D2449A764005A515D /* IQNSArray+Sort.h */,
				3BB2CC5E2449A764005A515D /* IQUIScrollView+Additions.h */,
				3BB2CC5F2449A764005A515D /* IQUITextFieldView+Additions.h */,
				3BB2CC602449A764005A515D /* IQUIViewController+Additions.m */,
				3BB2CC612449A764005A515D /* IQUIView+Hierarchy.h */,
			);
			path = Categories;
			sourceTree = "<group>";
		};
		3BB4EC7A244A885E0025F476 /* requstcell */ = {
			isa = PBXGroup;
			children = (
				3BB4EC7B244A88E30025F476 /* requstTableViewCell.h */,
				3BB4EC7C244A88E30025F476 /* requstTableViewCell.m */,
				3BB4EC8B244AEB7C0025F476 /* qtdetaCell.h */,
				3BB4EC8C244AEB7C0025F476 /* qtdetaCell.m */,
				3BB4EC85244AE5170025F476 /* RqtDetailsCell.h */,
				3BB4EC86244AE5170025F476 /* RqtDetailsCell.m */,
			);
			path = requstcell;
			sourceTree = "<group>";
		};
		3BB4EC7E244A9F720025F476 /* requstmodel */ = {
			isa = PBXGroup;
			children = (
				3BB4EC7F244A9FA20025F476 /* requstModel.h */,
				3BB4EC80244A9FA20025F476 /* requstModel.m */,
				3BB4EC8E244AECF00025F476 /* qtdetaModel.h */,
				3BB4EC8F244AECF00025F476 /* qtdetaModel.m */,
				3BB4EC88244AE5C20025F476 /* rqtDetModel.h */,
				3BB4EC89244AE5C20025F476 /* rqtDetModel.m */,
			);
			path = requstmodel;
			sourceTree = "<group>";
		};
		3BFCC95C2445BFFA00D2CB41 /* yiban */ = {
			isa = PBXGroup;
			children = (
				3BFCC95D2445C0BC00D2CB41 /* HaveController.h */,
				3BFCC95E2445C0BC00D2CB41 /* HaveController.m */,
				F7CCD112244B521400EF0855 /* HaveModel */,
				F7CCD10E244B517400EF0855 /* HaveCell */,
			);
			path = yiban;
			sourceTree = "<group>";
		};
		3BFCC9602445C13900D2CB41 /*  request */ = {
			isa = PBXGroup;
			children = (
				3BFCC9612445C16D00D2CB41 /* requestController.h */,
				3BFCC9622445C16D00D2CB41 /* requestController.m */,
				3BB4EC82244AE09B0025F476 /* RqtDetailsController.h */,
				3BB4EC83244AE09B0025F476 /* RqtDetailsController.m */,
				3BB4EC7E244A9F720025F476 /* requstmodel */,
				3BB4EC7A244A885E0025F476 /* requstcell */,
			);
			path = " request";
			sourceTree = "<group>";
		};
		701B5490871891640AC08C8B /* Frameworks */ = {
			isa = PBXGroup;
			children = (
				46794B329A268856D5E24EC1 /* Pods_brotherhoodOfficeSystem.framework */,
				09C06DEDCA3F8FCA33B77DF1 /* Pods_brotherhoodOfficeSystem_brotherhoodOfficeSystemUITests.framework */,
				62B17824283800011D283562 /* Pods_brotherhoodOfficeSystemTests.framework */,
			);
			name = Frameworks;
			sourceTree = "<group>";
		};
		C083F33AD23EEB6323605A90 /* Pods */ = {
			isa = PBXGroup;
			children = (
				00528662BBF4B82453B46181 /* Pods-brotherhoodOfficeSystem.debug.xcconfig */,
				584E9F064660C42A53C2561F /* Pods-brotherhoodOfficeSystem.release.xcconfig */,
				5E9996407AE355D813C8A717 /* Pods-brotherhoodOfficeSystem-brotherhoodOfficeSystemUITests.debug.xcconfig */,
				D2D7DB3A655039A5644A273A /* Pods-brotherhoodOfficeSystem-brotherhoodOfficeSystemUITests.release.xcconfig */,
				EE89F40DD11FDFD081D54759 /* Pods-brotherhoodOfficeSystemTests.debug.xcconfig */,
				518D63AC07C96812CDAF2EBB /* Pods-brotherhoodOfficeSystemTests.release.xcconfig */,
			);
			path = Pods;
			sourceTree = "<group>";
		};
		F7074BCA2448A02D00D40A77 /* todoxiangqing */ = {
			isa = PBXGroup;
			children = (
				F7074BCB2448A07F00D40A77 /* todetailsController.h */,
				F7074BCC2448A07F00D40A77 /* todetailsController.m */,
			);
			path = todoxiangqing;
			sourceTree = "<group>";
		};
		F7074BCE2448A0CD00D40A77 /* view */ = {
			isa = PBXGroup;
			children = (
				F7074BCF2448A0FC00D40A77 /* todoTableViewCell.h */,
				F7074BD02448A0FC00D40A77 /* todoTableViewCell.m */,
			);
			path = view;
			sourceTree = "<group>";
		};
		F72FA1AD243D8312000343FC /* Home */ = {
			isa = PBXGroup;
			children = (
				F787B5AD24231D2400411DED /* HomepageController.h */,
				F787B5B124231D2500411DED /* HomepageController.m */,
				F74677EB244059FE0093D5D1 /* Homeheader.h */,
				F74677EC244059FE0093D5D1 /* Homeheader.m */,
				F72FA1AE243D832F000343FC /* Mencell */,
				F72FA1B6243D84D1000343FC /* attendance */,
				F7A8F45D243DEFFF0084D386 /* askForLeave */,
				F7A8F45E243DF0320084D386 /* induction */,
				F7A8F45F243DF0470084D386 /* departure */,
				3BFCC95C2445BFFA00D2CB41 /* yiban */,
				F7A8F460243DF05F0084D386 /* todo */,
				3BFCC9602445C13900D2CB41 /*  request */,
			);
			path = Home;
			sourceTree = "<group>";
		};
		F72FA1AE243D832F000343FC /* Mencell */ = {
			isa = PBXGroup;
			children = (
				F72FA1BB243DAC44000343FC /* HomeMenuCell.h */,
				F72FA1BA243DAC44000343FC /* HomeMenuCell.m */,
				F72FA1BC243DAC44000343FC /* JZMTBtnView.h */,
				F72FA1BD243DAC44000343FC /* JZMTBtnView.m */,
			);
			path = Mencell;
			sourceTree = "<group>";
		};
		F72FA1B6243D84D1000343FC /* attendance */ = {
			isa = PBXGroup;
			children = (
				F7A8F46D243DF1190084D386 /* AttendController.h */,
				F7A8F46E243DF1190084D386 /* AttendController.m */,
			);
			path = attendance;
			sourceTree = "<group>";
		};
		F74677E7244051D20093D5D1 /*  NSObject */ = {
			isa = PBXGroup;
			children = (
				F74677E8244052340093D5D1 /* ZXDmethod.h */,
				F74677E9244052340093D5D1 /* ZXDmethod.m */,
			);
			path = " NSObject";
			sourceTree = "<group>";
		};
		F74677EE2440683D0093D5D1 /* UIview+WLFrame */ = {
			isa = PBXGroup;
			children = (
				F74677EF2440683D0093D5D1 /* UIView+WLFrame.h */,
				F74677F02440683D0093D5D1 /* UIView+WLFrame.m */,
			);
			path = "UIview+WLFrame";
			sourceTree = "<group>";
		};
		F78A249D24434B6C00505C4C /*  timeline */ = {
			isa = PBXGroup;
			children = (
				F78A249E24434B9B00505C4C /* timeLineCell.h */,
				F78A249F24434B9B00505C4C /* timeLineCell.m */,
				F78A24A124435C8800505C4C /* timeLineModel.h */,
				F78A24A224435C8800505C4C /* timeLineModel.m */,
			);
			path = " timeline";
			sourceTree = "<group>";
		};
		F79A835E2441F57100D8F839 /* ZXDNetworking */ = {
			isa = PBXGroup;
			children = (
				F79A83622441F69A00D8F839 /* MBProgressHUD+Add.h */,
				F79A83632441F69A00D8F839 /* MBProgressHUD+Add.m */,
				F79A835F2441F57100D8F839 /* ZXDNetworking.h */,
				F79A83602441F57100D8F839 /* ZXDNetworking.m */,
			);
			path = ZXDNetworking;
			sourceTree = "<group>";
		};
		F79A83652441F73B00D8F839 /* hreeFiles */ = {
			isa = PBXGroup;
			children = (
				3B0DCBD5244548AC00870587 /* BDImagePicker */,
				F79A83662441F76800D8F839 /* Alert */,
				F74677E7244051D20093D5D1 /*  NSObject */,
				F79A835E2441F57100D8F839 /* ZXDNetworking */,
				F74677EE2440683D0093D5D1 /* UIview+WLFrame */,
			);
			path = hreeFiles;
			sourceTree = "<group>";
		};
		F79A83662441F76800D8F839 /* Alert */ = {
			isa = PBXGroup;
			children = (
				F79A836A244206D900D8F839 /* ELNAlerTool.h */,
				F79A836B244206D900D8F839 /* ELNAlerTool.m */,
				F79A83672441F78B00D8F839 /* PWAlertView.h */,
				F79A83682441F78B00D8F839 /* PWAlertView.m */,
			);
			path = Alert;
			sourceTree = "<group>";
		};
		F7A8F45D243DEFFF0084D386 /* askForLeave */ = {
			isa = PBXGroup;
			children = (
				F7A8F46A243DF0E10084D386 /* AskLeaveController.h */,
				F7A8F46B243DF0E10084D386 /* AskLeaveController.m */,
				3B0A7132244698EA005BFFBE /* modle */,
				F7BC578824449ADA0031DB2E /* BRText */,
				F7A8F470243DFDD90084D386 /* AskTableViewCell.h */,
				F7A8F471243DFDD90084D386 /* AskTableViewCell.m */,
				F7A8F473243DFF5E0084D386 /* SelecTableViewCell.h */,
				F7A8F474243DFF5E0084D386 /* SelecTableViewCell.m */,
				F74677E1244022020093D5D1 /* TextViewCell.h */,
				F74677E2244022020093D5D1 /* TextViewCell.m */,
				F74677E4244023540093D5D1 /* PlaceholderTextView.h */,
				F74677E5244023540093D5D1 /* PlaceholderTextView.m */,
			);
			path = askForLeave;
			sourceTree = "<group>";
		};
		F7A8F45E243DF0320084D386 /* induction */ = {
			isa = PBXGroup;
			children = (
				F7A8F467243DF0C20084D386 /* InductionController.h */,
				F7A8F468243DF0C20084D386 /* InductionController.m */,
				3B7807B824416F47008EEE83 /* inductionCell.h */,
				3B7807B924416F47008EEE83 /* inductionCell.m */,
			);
			path = induction;
			sourceTree = "<group>";
		};
		F7A8F45F243DF0470084D386 /* departure */ = {
			isa = PBXGroup;
			children = (
				F7A8F464243DF0AB0084D386 /* DepartureController.h */,
				F7A8F465243DF0AB0084D386 /* DepartureController.m */,
				3B0A71362446E985005BFFBE /* jiaojieren */,
			);
			path = departure;
			sourceTree = "<group>";
		};
		F7A8F460243DF05F0084D386 /* todo */ = {
			isa = PBXGroup;
			children = (
				F7A8F461243DF0870084D386 /* todoController.h */,
				F7A8F462243DF0870084D386 /* todoController.m */,
				F7074BCE2448A0CD00D40A77 /* view */,
				F7074BCA2448A02D00D40A77 /* todoxiangqing */,
				F78A249D24434B6C00505C4C /*  timeline */,
			);
			path = todo;
			sourceTree = "<group>";
		};
		F7BB1796243C137F003A19D1 /* Tabar */ = {
			isa = PBXGroup;
			children = (
				F7BB1798243C137F003A19D1 /* NNTabBarController.h */,
				F7BB1797243C137F003A19D1 /* NNNavigationController.m */,
				F7BB1799243C137F003A19D1 /* NNNavigationController.h */,
				F7BB179A243C137F003A19D1 /* NNTabBarController.m */,
			);
			path = Tabar;
			sourceTree = "<group>";
		};
		F7BB179D243C13A7003A19D1 /* Login */ = {
			isa = PBXGroup;
			children = (
				F7BB179E243C1F77003A19D1 /* LoginViewController.h */,
				F7BB179F243C1F77003A19D1 /* LoginViewController.m */,
				F7BB17A1243C51C0003A19D1 /* loginTextField.h */,
				F7BB17A2243C51C0003A19D1 /* loginTextField.m */,
			);
			path = Login;
			sourceTree = "<group>";
		};
		F7BC578824449ADA0031DB2E /* BRText */ = {
			isa = PBXGroup;
			children = (
				F7BC578D24449B020031DB2E /* BRTextField.h */,
				F7BC578A24449B020031DB2E /* BRTextField.m */,
				F7BC578B24449B020031DB2E /* NSDate+BRAdd.h */,
				F7BC578C24449B020031DB2E /* NSDate+BRAdd.m */,
			);
			path = BRText;
			sourceTree = "<group>";
		};
		F7C5C323242A486E00A75289 /* Categoies */ = {
			isa = PBXGroup;
			children = (
				F7C5C326242A486E00A75289 /* UIButton+BBTButton.h */,
				F7C5C324242A486E00A75289 /* UIButton+BBTButton.m */,
				F7C5C325242A486E00A75289 /* UIView+EXTENSION.h */,
				F7C5C327242A486E00A75289 /* UIView+EXTENSION.m */,
			);
			path = Categoies;
			sourceTree = "<group>";
		};
		F7CCD10E244B517400EF0855 /* HaveCell */ = {
			isa = PBXGroup;
			children = (
				F7CCD10F244B51A600EF0855 /* haveCell.h */,
				F7CCD110244B51A600EF0855 /* haveCell.m */,
			);
			path = HaveCell;
			sourceTree = "<group>";
		};
		F7CCD112244B521400EF0855 /* HaveModel */ = {
			isa = PBXGroup;
			children = (
				F7CCD113244B523100EF0855 /* HaveModel.h */,
				F7CCD114244B523100EF0855 /* HaveModel.m */,
			);
			path = HaveModel;
			sourceTree = "<group>";
		};
		F7F045FB2420AA7700365A65 = {
			isa = PBXGroup;
			children = (
				3BB2CC422449A764005A515D /* IQKeyboardManager */,
				F7F046062420AA7700365A65 /* brotherhoodOfficeSystem */,
				F7F046222420AA7C00365A65 /* brotherhoodOfficeSystemTests */,
				F7F0462D2420AA7C00365A65 /* brotherhoodOfficeSystemUITests */,
				F7F046052420AA7700365A65 /* Products */,
				C083F33AD23EEB6323605A90 /* Pods */,
				701B5490871891640AC08C8B /* Frameworks */,
			);
			sourceTree = "<group>";
		};
		F7F046052420AA7700365A65 /* Products */ = {
			isa = PBXGroup;
			children = (
				F7F046042420AA7700365A65 /* 中国兄弟团.app */,
				F7F0461F2420AA7C00365A65 /* brotherhoodOfficeSystemTests.xctest */,
				F7F0462A2420AA7C00365A65 /* brotherhoodOfficeSystemUITests.xctest */,
			);
			name = Products;
			sourceTree = "<group>";
		};
		F7F046062420AA7700365A65 /* brotherhoodOfficeSystem */ = {
			isa = PBXGroup;
			children = (
				F7F046072420AA7700365A65 /* AppDelegate.h */,
				F7F046082420AA7700365A65 /* AppDelegate.m */,
				F7BB179D243C13A7003A19D1 /* Login */,
				F7BB1796243C137F003A19D1 /* Tabar */,
				F72FA1AD243D8312000343FC /* Home */,
				F787B5B024231D2500411DED /* AccountViewController.h */,
				F787B5AB24231D2400411DED /* AccountViewController.m */,
				F787B5AF24231D2500411DED /* MyCityViewController.h */,
				F787B5B224231D2500411DED /* MyCityViewController.m */,
				F7F0460D2420AA7700365A65 /* ViewController.h */,
				F7F0460E2420AA7700365A65 /* ViewController.m */,
				F79A83652441F73B00D8F839 /* hreeFiles */,
				F7F0463D2420AD1900365A65 /* Singleton.h */,
				F787B5B724231E7D00411DED /* PrefixHeader.pch */,
				F72FA1C2243DAD5A000343FC /* Property.plist */,
				F7C5C323242A486E00A75289 /* Categoies */,
				F7F046102420AA7700365A65 /* Main.storyboard */,
				F7F046132420AA7C00365A65 /* Assets.xcassets */,
				F7F046152420AA7C00365A65 /* LaunchScreen.storyboard */,
				F7F046182420AA7C00365A65 /* Info.plist */,
				F7F046192420AA7C00365A65 /* main.m */,
			);
			path = brotherhoodOfficeSystem;
			sourceTree = "<group>";
		};
		F7F046222420AA7C00365A65 /* brotherhoodOfficeSystemTests */ = {
			isa = PBXGroup;
			children = (
				F7F046232420AA7C00365A65 /* brotherhoodOfficeSystemTests.m */,
				F7F046252420AA7C00365A65 /* Info.plist */,
			);
			path = brotherhoodOfficeSystemTests;
			sourceTree = "<group>";
		};
		F7F0462D2420AA7C00365A65 /* brotherhoodOfficeSystemUITests */ = {
			isa = PBXGroup;
			children = (
				F7F0462E2420AA7C00365A65 /* brotherhoodOfficeSystemUITests.m */,
				F7F046302420AA7C00365A65 /* Info.plist */,
			);
			path = brotherhoodOfficeSystemUITests;
			sourceTree = "<group>";
		};
/* End PBXGroup section */

/* Begin PBXNativeTarget section */
		F7F046032420AA7700365A65 /* brotherhoodOfficeSystem */ = {
			isa = PBXNativeTarget;
			buildConfigurationList = F7F046332420AA7C00365A65 /* Build configuration list for PBXNativeTarget "brotherhoodOfficeSystem" */;
			buildPhases = (
				46C663A6D9C5BCAC9A76987C /* [CP] Check Pods Manifest.lock */,
				F7F046002420AA7700365A65 /* Sources */,
				F7F046012420AA7700365A65 /* Frameworks */,
				F7F046022420AA7700365A65 /* Resources */,
				72726102271C7C8A7BD2DF83 /* [CP] Embed Pods Frameworks */,
				2CFCD916B2389B1DD27F096B /* [CP] Copy Pods Resources */,
			);
			buildRules = (
			);
			dependencies = (
			);
			name = brotherhoodOfficeSystem;
			productName = brotherhoodOfficeSystem;
			productReference = F7F046042420AA7700365A65 /* 中国兄弟团.app */;
			productType = "com.apple.product-type.application";
		};
		F7F0461E2420AA7C00365A65 /* brotherhoodOfficeSystemTests */ = {
			isa = PBXNativeTarget;
			buildConfigurationList = F7F046362420AA7C00365A65 /* Build configuration list for PBXNativeTarget "brotherhoodOfficeSystemTests" */;
			buildPhases = (
				C6B40B3E52DC4CD3179B22D9 /* [CP] Check Pods Manifest.lock */,
				F7F0461B2420AA7C00365A65 /* Sources */,
				F7F0461C2420AA7C00365A65 /* Frameworks */,
				F7F0461D2420AA7C00365A65 /* Resources */,
			);
			buildRules = (
			);
			dependencies = (
				F7F046212420AA7C00365A65 /* PBXTargetDependency */,
			);
			name = brotherhoodOfficeSystemTests;
			productName = brotherhoodOfficeSystemTests;
			productReference = F7F0461F2420AA7C00365A65 /* brotherhoodOfficeSystemTests.xctest */;
			productType = "com.apple.product-type.bundle.unit-test";
		};
		F7F046292420AA7C00365A65 /* brotherhoodOfficeSystemUITests */ = {
			isa = PBXNativeTarget;
			buildConfigurationList = F7F046392420AA7C00365A65 /* Build configuration list for PBXNativeTarget "brotherhoodOfficeSystemUITests" */;
			buildPhases = (
				CE9E9790C78369E3375A2EC9 /* [CP] Check Pods Manifest.lock */,
				F7F046262420AA7C00365A65 /* Sources */,
				F7F046272420AA7C00365A65 /* Frameworks */,
				F7F046282420AA7C00365A65 /* Resources */,
				8CDA31321EEDAD9C4F9AE104 /* [CP] Embed Pods Frameworks */,
				0FE5D105BF56CA03D59CA07C /* [CP] Copy Pods Resources */,
			);
			buildRules = (
			);
			dependencies = (
				F7F0462C2420AA7C00365A65 /* PBXTargetDependency */,
			);
			name = brotherhoodOfficeSystemUITests;
			productName = brotherhoodOfficeSystemUITests;
			productReference = F7F0462A2420AA7C00365A65 /* brotherhoodOfficeSystemUITests.xctest */;
			productType = "com.apple.product-type.bundle.ui-testing";
		};
/* End PBXNativeTarget section */

/* Begin PBXProject section */
		F7F045FC2420AA7700365A65 /* Project object */ = {
			isa = PBXProject;
			attributes = {
				LastUpgradeCheck = 1130;
				ORGANIZATIONNAME = "兄弟团国际";
				TargetAttributes = {
					F7F046032420AA7700365A65 = {
						CreatedOnToolsVersion = 11.3.1;
					};
					F7F0461E2420AA7C00365A65 = {
						CreatedOnToolsVersion = 11.3.1;
						TestTargetID = F7F046032420AA7700365A65;
					};
					F7F046292420AA7C00365A65 = {
						CreatedOnToolsVersion = 11.3.1;
						TestTargetID = F7F046032420AA7700365A65;
					};
				};
			};
			buildConfigurationList = F7F045FF2420AA7700365A65 /* Build configuration list for PBXProject "brotherhoodOfficeSystem" */;
			compatibilityVersion = "Xcode 9.3";
			developmentRegion = en;
			hasScannedForEncodings = 0;
			knownRegions = (
				en,
				Base,
				"zh-Hans",
			);
			mainGroup = F7F045FB2420AA7700365A65;
			productRefGroup = F7F046052420AA7700365A65 /* Products */;
			projectDirPath = "";
			projectRoot = "";
			targets = (
				F7F046032420AA7700365A65 /* brotherhoodOfficeSystem */,
				F7F0461E2420AA7C00365A65 /* brotherhoodOfficeSystemTests */,
				F7F046292420AA7C00365A65 /* brotherhoodOfficeSystemUITests */,
			);
		};
/* End PBXProject section */

/* Begin PBXResourcesBuildPhase section */
		F7F046022420AA7700365A65 /* Resources */ = {
			isa = PBXResourcesBuildPhase;
			buildActionMask = 2147483647;
			files = (
				F7F046172420AA7C00365A65 /* LaunchScreen.storyboard in Resources */,
				F72FA1C3243DAD5A000343FC /* Property.plist in Resources */,
				F7F046142420AA7C00365A65 /* Assets.xcassets in Resources */,
				F7F046122420AA7700365A65 /* Main.storyboard in Resources */,
			);
			runOnlyForDeploymentPostprocessing = 0;
		};
		F7F0461D2420AA7C00365A65 /* Resources */ = {
			isa = PBXResourcesBuildPhase;
			buildActionMask = 2147483647;
			files = (
			);
			runOnlyForDeploymentPostprocessing = 0;
		};
		F7F046282420AA7C00365A65 /* Resources */ = {
			isa = PBXResourcesBuildPhase;
			buildActionMask = 2147483647;
			files = (
			);
			runOnlyForDeploymentPostprocessing = 0;
		};
/* End PBXResourcesBuildPhase section */

/* Begin PBXShellScriptBuildPhase section */
		0FE5D105BF56CA03D59CA07C /* [CP] Copy Pods Resources */ = {
			isa = PBXShellScriptBuildPhase;
			buildActionMask = 2147483647;
			files = (
			);
			inputFileListPaths = (
				"${PODS_ROOT}/Target Support Files/Pods-brotherhoodOfficeSystem-brotherhoodOfficeSystemUITests/Pods-brotherhoodOfficeSystem-brotherhoodOfficeSystemUITests-resources-${CONFIGURATION}-input-files.xcfilelist",
			);
			name = "[CP] Copy Pods Resources";
			outputFileListPaths = (
				"${PODS_ROOT}/Target Support Files/Pods-brotherhoodOfficeSystem-brotherhoodOfficeSystemUITests/Pods-brotherhoodOfficeSystem-brotherhoodOfficeSystemUITests-resources-${CONFIGURATION}-output-files.xcfilelist",
			);
			runOnlyForDeploymentPostprocessing = 0;
			shellPath = /bin/sh;
			shellScript = "\"${PODS_ROOT}/Target Support Files/Pods-brotherhoodOfficeSystem-brotherhoodOfficeSystemUITests/Pods-brotherhoodOfficeSystem-brotherhoodOfficeSystemUITests-resources.sh\"\n";
			showEnvVarsInLog = 0;
		};
		2CFCD916B2389B1DD27F096B /* [CP] Copy Pods Resources */ = {
			isa = PBXShellScriptBuildPhase;
			buildActionMask = 2147483647;
			files = (
			);
			inputFileListPaths = (
				"${PODS_ROOT}/Target Support Files/Pods-brotherhoodOfficeSystem/Pods-brotherhoodOfficeSystem-resources-${CONFIGURATION}-input-files.xcfilelist",
			);
			name = "[CP] Copy Pods Resources";
			outputFileListPaths = (
				"${PODS_ROOT}/Target Support Files/Pods-brotherhoodOfficeSystem/Pods-brotherhoodOfficeSystem-resources-${CONFIGURATION}-output-files.xcfilelist",
			);
			runOnlyForDeploymentPostprocessing = 0;
			shellPath = /bin/sh;
			shellScript = "\"${PODS_ROOT}/Target Support Files/Pods-brotherhoodOfficeSystem/Pods-brotherhoodOfficeSystem-resources.sh\"\n";
			showEnvVarsInLog = 0;
		};
		46C663A6D9C5BCAC9A76987C /* [CP] Check Pods Manifest.lock */ = {
			isa = PBXShellScriptBuildPhase;
			buildActionMask = 2147483647;
			files = (
			);
			inputFileListPaths = (
			);
			inputPaths = (
				"${PODS_PODFILE_DIR_PATH}/Podfile.lock",
				"${PODS_ROOT}/Manifest.lock",
			);
			name = "[CP] Check Pods Manifest.lock";
			outputFileListPaths = (
			);
			outputPaths = (
				"$(DERIVED_FILE_DIR)/Pods-brotherhoodOfficeSystem-checkManifestLockResult.txt",
			);
			runOnlyForDeploymentPostprocessing = 0;
			shellPath = /bin/sh;
			shellScript = "diff \"${PODS_PODFILE_DIR_PATH}/Podfile.lock\" \"${PODS_ROOT}/Manifest.lock\" > /dev/null\nif [ $? != 0 ] ; then\n    # print error to STDERR\n    echo \"error: The sandbox is not in sync with the Podfile.lock. Run 'pod install' or update your CocoaPods installation.\" >&2\n    exit 1\nfi\n# This output is used by Xcode 'outputs' to avoid re-running this script phase.\necho \"SUCCESS\" > \"${SCRIPT_OUTPUT_FILE_0}\"\n";
			showEnvVarsInLog = 0;
		};
		72726102271C7C8A7BD2DF83 /* [CP] Embed Pods Frameworks */ = {
			isa = PBXShellScriptBuildPhase;
			buildActionMask = 2147483647;
			files = (
			);
			inputFileListPaths = (
				"${PODS_ROOT}/Target Support Files/Pods-brotherhoodOfficeSystem/Pods-brotherhoodOfficeSystem-frameworks-${CONFIGURATION}-input-files.xcfilelist",
			);
			name = "[CP] Embed Pods Frameworks";
			outputFileListPaths = (
				"${PODS_ROOT}/Target Support Files/Pods-brotherhoodOfficeSystem/Pods-brotherhoodOfficeSystem-frameworks-${CONFIGURATION}-output-files.xcfilelist",
			);
			runOnlyForDeploymentPostprocessing = 0;
			shellPath = /bin/sh;
			shellScript = "\"${PODS_ROOT}/Target Support Files/Pods-brotherhoodOfficeSystem/Pods-brotherhoodOfficeSystem-frameworks.sh\"\n";
			showEnvVarsInLog = 0;
		};
		8CDA31321EEDAD9C4F9AE104 /* [CP] Embed Pods Frameworks */ = {
			isa = PBXShellScriptBuildPhase;
			buildActionMask = 2147483647;
			files = (
			);
			inputFileListPaths = (
				"${PODS_ROOT}/Target Support Files/Pods-brotherhoodOfficeSystem-brotherhoodOfficeSystemUITests/Pods-brotherhoodOfficeSystem-brotherhoodOfficeSystemUITests-frameworks-${CONFIGURATION}-input-files.xcfilelist",
			);
			name = "[CP] Embed Pods Frameworks";
			outputFileListPaths = (
				"${PODS_ROOT}/Target Support Files/Pods-brotherhoodOfficeSystem-brotherhoodOfficeSystemUITests/Pods-brotherhoodOfficeSystem-brotherhoodOfficeSystemUITests-frameworks-${CONFIGURATION}-output-files.xcfilelist",
			);
			runOnlyForDeploymentPostprocessing = 0;
			shellPath = /bin/sh;
			shellScript = "\"${PODS_ROOT}/Target Support Files/Pods-brotherhoodOfficeSystem-brotherhoodOfficeSystemUITests/Pods-brotherhoodOfficeSystem-brotherhoodOfficeSystemUITests-frameworks.sh\"\n";
			showEnvVarsInLog = 0;
		};
		C6B40B3E52DC4CD3179B22D9 /* [CP] Check Pods Manifest.lock */ = {
			isa = PBXShellScriptBuildPhase;
			buildActionMask = 2147483647;
			files = (
			);
			inputFileListPaths = (
			);
			inputPaths = (
				"${PODS_PODFILE_DIR_PATH}/Podfile.lock",
				"${PODS_ROOT}/Manifest.lock",
			);
			name = "[CP] Check Pods Manifest.lock";
			outputFileListPaths = (
			);
			outputPaths = (
				"$(DERIVED_FILE_DIR)/Pods-brotherhoodOfficeSystemTests-checkManifestLockResult.txt",
			);
			runOnlyForDeploymentPostprocessing = 0;
			shellPath = /bin/sh;
			shellScript = "diff \"${PODS_PODFILE_DIR_PATH}/Podfile.lock\" \"${PODS_ROOT}/Manifest.lock\" > /dev/null\nif [ $? != 0 ] ; then\n    # print error to STDERR\n    echo \"error: The sandbox is not in sync with the Podfile.lock. Run 'pod install' or update your CocoaPods installation.\" >&2\n    exit 1\nfi\n# This output is used by Xcode 'outputs' to avoid re-running this script phase.\necho \"SUCCESS\" > \"${SCRIPT_OUTPUT_FILE_0}\"\n";
			showEnvVarsInLog = 0;
		};
		CE9E9790C78369E3375A2EC9 /* [CP] Check Pods Manifest.lock */ = {
			isa = PBXShellScriptBuildPhase;
			buildActionMask = 2147483647;
			files = (
			);
			inputFileListPaths = (
			);
			inputPaths = (
				"${PODS_PODFILE_DIR_PATH}/Podfile.lock",
				"${PODS_ROOT}/Manifest.lock",
			);
			name = "[CP] Check Pods Manifest.lock";
			outputFileListPaths = (
			);
			outputPaths = (
				"$(DERIVED_FILE_DIR)/Pods-brotherhoodOfficeSystem-brotherhoodOfficeSystemUITests-checkManifestLockResult.txt",
			);
			runOnlyForDeploymentPostprocessing = 0;
			shellPath = /bin/sh;
			shellScript = "diff \"${PODS_PODFILE_DIR_PATH}/Podfile.lock\" \"${PODS_ROOT}/Manifest.lock\" > /dev/null\nif [ $? != 0 ] ; then\n    # print error to STDERR\n    echo \"error: The sandbox is not in sync with the Podfile.lock. Run 'pod install' or update your CocoaPods installation.\" >&2\n    exit 1\nfi\n# This output is used by Xcode 'outputs' to avoid re-running this script phase.\necho \"SUCCESS\" > \"${SCRIPT_OUTPUT_FILE_0}\"\n";
			showEnvVarsInLog = 0;
		};
/* End PBXShellScriptBuildPhase section */

/* Begin PBXSourcesBuildPhase section */
		F7F046002420AA7700365A65 /* Sources */ = {
			isa = PBXSourcesBuildPhase;
			buildActionMask = 2147483647;
			files = (
				3BB2CC692449A764005A515D /* IQKeyboardManager.m in Sources */,
				F78A24A024434B9B00505C4C /* timeLineCell.m in Sources */,
				3BB4EC87244AE5170025F476 /* RqtDetailsCell.m in Sources */,
				F7BC578E24449B020031DB2E /* BRTextField.m in Sources */,
				F7A8F466243DF0AB0084D386 /* DepartureController.m in Sources */,
				3B0A71452446EBCD005BFFBE /* FriendTableViewCell.m in Sources */,
				F7A8F46C243DF0E10084D386 /* AskLeaveController.m in Sources */,
				F7BC578F24449B020031DB2E /* NSDate+BRAdd.m in Sources */,
				3BB4EC7D244A88E30025F476 /* requstTableViewCell.m in Sources */,
				3BB2CC662449A764005A515D /* IQBarButtonItem.m in Sources */,
				3BFCC9632445C16D00D2CB41 /* requestController.m in Sources */,
				3BB2CC6C2449A764005A515D /* IQUIScrollView+Additions.m in Sources */,
				3BB2CC682449A764005A515D /* IQPreviousNextView.m in Sources */,
				3BB4EC8A244AE5C20025F476 /* rqtDetModel.m in Sources */,
				F7C5C328242A486E00A75289 /* UIButton+BBTButton.m in Sources */,
				F7BB17A3243C51C0003A19D1 /* loginTextField.m in Sources */,
				3BB4EC90244AECF00025F476 /* qtdetaModel.m in Sources */,
				F7F0460F2420AA7700365A65 /* ViewController.m in Sources */,
				F7BB179B243C137F003A19D1 /* NNNavigationController.m in Sources */,
				F7F046092420AA7700365A65 /* AppDelegate.m in Sources */,
				F79A83642441F69A00D8F839 /* MBProgressHUD+Add.m in Sources */,
				F74677ED244059FE0093D5D1 /* Homeheader.m in Sources */,
				3B0A71412446EB9D005BFFBE /* FriendModel.m in Sources */,
				F7A8F472243DFDD90084D386 /* AskTableViewCell.m in Sources */,
				F787B5B624231D2500411DED /* MyCityViewController.m in Sources */,
				F74677E3244022020093D5D1 /* TextViewCell.m in Sources */,
				3BB4EC81244A9FA20025F476 /* requstModel.m in Sources */,
				F7A8F475243DFF5E0084D386 /* SelecTableViewCell.m in Sources */,
				F74677E6244023540093D5D1 /* PlaceholderTextView.m in Sources */,
				F72FA1BF243DAC44000343FC /* JZMTBtnView.m in Sources */,
				F7A8F46F243DF1190084D386 /* AttendController.m in Sources */,
				F79A83692441F78B00D8F839 /* PWAlertView.m in Sources */,
				3B0A71392446E9E8005BFFBE /* ChopersonController.m in Sources */,
				3BFCC95F2445C0BC00D2CB41 /* HaveController.m in Sources */,
				F78A24A324435C8800505C4C /* timeLineModel.m in Sources */,
				3BB4EC8D244AEB7C0025F476 /* qtdetaCell.m in Sources */,
				F7074BCD2448A07F00D40A77 /* todetailsController.m in Sources */,
				3BB2CC632449A764005A515D /* IQTextView.m in Sources */,
				3B0DCBD8244548AC00870587 /* BDImagePicker.m in Sources */,
				F7CCD115244B523100EF0855 /* HaveModel.m in Sources */,
				3BB2CC652449A764005A515D /* IQTitleBarButtonItem.m in Sources */,
				3BB2CC6E2449A764005A515D /* IQUIViewController+Additions.m in Sources */,
				3BB2CC672449A764005A515D /* IQUIView+IQKeyboardToolbar.m in Sources */,
				3BB4EC84244AE09B0025F476 /* RqtDetailsController.m in Sources */,
				3B7807BA24416F47008EEE83 /* inductionCell.m in Sources */,
				F79A83612441F57100D8F839 /* ZXDNetworking.m in Sources */,
				F7BB179C243C137F003A19D1 /* NNTabBarController.m in Sources */,
				F72FA1BE243DAC44000343FC /* HomeMenuCell.m in Sources */,
				F787B5B524231D2500411DED /* HomepageController.m in Sources */,
				F7A8F463243DF0870084D386 /* todoController.m in Sources */,
				3BB2CC642449A764005A515D /* IQToolbar.m in Sources */,
				F7A8F469243DF0C20084D386 /* InductionController.m in Sources */,
				3BB2CC6D2449A764005A515D /* IQUIView+Hierarchy.m in Sources */,
				3BB2CC6F2449A764005A515D /* IQKeyboardReturnKeyHandler.m in Sources */,
				3BB2CC6A2449A764005A515D /* IQNSArray+Sort.m in Sources */,
				F787B5B324231D2500411DED /* AccountViewController.m in Sources */,
				3BB2CC6B2449A764005A515D /* IQUITextFieldView+Additions.m in Sources */,
				F7F0461A2420AA7C00365A65 /* main.m in Sources */,
				F74677EA244052340093D5D1 /* ZXDmethod.m in Sources */,
				F7BB17A0243C1F77003A19D1 /* LoginViewController.m in Sources */,
				3B0A713C2446EB1E005BFFBE /* CustomHeadFooterView.m in Sources */,
				F7C5C329242A486E00A75289 /* UIView+EXTENSION.m in Sources */,
				F7074BD12448A0FC00D40A77 /* todoTableViewCell.m in Sources */,
				3B0A713524469943005BFFBE /* LeaveTypemodle.m in Sources */,
				F79A836C244206D900D8F839 /* ELNAlerTool.m in Sources */,
				3B0A71422446EB9D005BFFBE /* GroupModel.m in Sources */,
				F74677F12440683D0093D5D1 /* UIView+WLFrame.m in Sources */,
				F7CCD111244B51A600EF0855 /* haveCell.m in Sources */,
			);
			runOnlyForDeploymentPostprocessing = 0;
		};
		F7F0461B2420AA7C00365A65 /* Sources */ = {
			isa = PBXSourcesBuildPhase;
			buildActionMask = 2147483647;
			files = (
				F7F046242420AA7C00365A65 /* brotherhoodOfficeSystemTests.m in Sources */,
			);
			runOnlyForDeploymentPostprocessing = 0;
		};
		F7F046262420AA7C00365A65 /* Sources */ = {
			isa = PBXSourcesBuildPhase;
			buildActionMask = 2147483647;
			files = (
				F7F0462F2420AA7C00365A65 /* brotherhoodOfficeSystemUITests.m in Sources */,
			);
			runOnlyForDeploymentPostprocessing = 0;
		};
/* End PBXSourcesBuildPhase section */

/* Begin PBXTargetDependency section */
		F7F046212420AA7C00365A65 /* PBXTargetDependency */ = {
			isa = PBXTargetDependency;
			target = F7F046032420AA7700365A65 /* brotherhoodOfficeSystem */;
			targetProxy = F7F046202420AA7C00365A65 /* PBXContainerItemProxy */;
		};
		F7F0462C2420AA7C00365A65 /* PBXTargetDependency */ = {
			isa = PBXTargetDependency;
			target = F7F046032420AA7700365A65 /* brotherhoodOfficeSystem */;
			targetProxy = F7F0462B2420AA7C00365A65 /* PBXContainerItemProxy */;
		};
/* End PBXTargetDependency section */

/* Begin PBXVariantGroup section */
		F7F046102420AA7700365A65 /* Main.storyboard */ = {
			isa = PBXVariantGroup;
			children = (
				F7F046112420AA7700365A65 /* Base */,
				3BB2CC1224498F74005A515D /* zh-Hans */,
			);
			name = Main.storyboard;
			sourceTree = "<group>";
		};
		F7F046152420AA7C00365A65 /* LaunchScreen.storyboard */ = {
			isa = PBXVariantGroup;
			children = (
				F7F046162420AA7C00365A65 /* Base */,
				3BB2CC1324498F75005A515D /* zh-Hans */,
			);
			name = LaunchScreen.storyboard;
			sourceTree = "<group>";
		};
/* End PBXVariantGroup section */

/* Begin XCBuildConfiguration section */
		F7F046312420AA7C00365A65 /* Debug */ = {
			isa = XCBuildConfiguration;
			buildSettings = {
				ALWAYS_SEARCH_USER_PATHS = NO;
				CLANG_ANALYZER_LOCALIZABILITY_NONLOCALIZED = YES;
				CLANG_ANALYZER_NONNULL = YES;
				CLANG_ANALYZER_NUMBER_OBJECT_CONVERSION = YES_AGGRESSIVE;
				CLANG_CXX_LANGUAGE_STANDARD = "gnu++14";
				CLANG_CXX_LIBRARY = "libc++";
				CLANG_ENABLE_MODULES = YES;
				CLANG_ENABLE_OBJC_ARC = YES;
				CLANG_ENABLE_OBJC_WEAK = YES;
				CLANG_WARN_BLOCK_CAPTURE_AUTORELEASING = YES;
				CLANG_WARN_BOOL_CONVERSION = YES;
				CLANG_WARN_COMMA = YES;
				CLANG_WARN_CONSTANT_CONVERSION = YES;
				CLANG_WARN_DEPRECATED_OBJC_IMPLEMENTATIONS = YES;
				CLANG_WARN_DIRECT_OBJC_ISA_USAGE = YES_ERROR;
				CLANG_WARN_DOCUMENTATION_COMMENTS = YES;
				CLANG_WARN_EMPTY_BODY = YES;
				CLANG_WARN_ENUM_CONVERSION = YES;
				CLANG_WARN_INFINITE_RECURSION = YES;
				CLANG_WARN_INT_CONVERSION = YES;
				CLANG_WARN_NON_LITERAL_NULL_CONVERSION = YES;
				CLANG_WARN_OBJC_IMPLICIT_RETAIN_SELF = YES;
				CLANG_WARN_OBJC_LITERAL_CONVERSION = YES;
				CLANG_WARN_OBJC_ROOT_CLASS = YES_ERROR;
				CLANG_WARN_RANGE_LOOP_ANALYSIS = YES;
				CLANG_WARN_STRICT_PROTOTYPES = YES;
				CLANG_WARN_SUSPICIOUS_MOVE = YES;
				CLANG_WARN_UNGUARDED_AVAILABILITY = YES_AGGRESSIVE;
				CLANG_WARN_UNREACHABLE_CODE = YES;
				CLANG_WARN__DUPLICATE_METHOD_MATCH = YES;
				COPY_PHASE_STRIP = NO;
				DEBUG_INFORMATION_FORMAT = dwarf;
				ENABLE_STRICT_OBJC_MSGSEND = YES;
				ENABLE_TESTABILITY = YES;
				GCC_C_LANGUAGE_STANDARD = gnu11;
				GCC_DYNAMIC_NO_PIC = NO;
				GCC_NO_COMMON_BLOCKS = YES;
				GCC_OPTIMIZATION_LEVEL = 0;
				GCC_PREPROCESSOR_DEFINITIONS = (
					"DEBUG=1",
					"$(inherited)",
				);
				GCC_WARN_64_TO_32_BIT_CONVERSION = YES;
				GCC_WARN_ABOUT_RETURN_TYPE = YES_ERROR;
				GCC_WARN_UNDECLARED_SELECTOR = YES;
				GCC_WARN_UNINITIALIZED_AUTOS = YES_AGGRESSIVE;
				GCC_WARN_UNUSED_FUNCTION = YES;
				GCC_WARN_UNUSED_VARIABLE = YES;
				IPHONEOS_DEPLOYMENT_TARGET = 9.3;
				MTL_ENABLE_DEBUG_INFO = INCLUDE_SOURCE;
				MTL_FAST_MATH = YES;
				ONLY_ACTIVE_ARCH = YES;
				SDKROOT = iphoneos;
			};
			name = Debug;
		};
		F7F046322420AA7C00365A65 /* Release */ = {
			isa = XCBuildConfiguration;
			buildSettings = {
				ALWAYS_SEARCH_USER_PATHS = NO;
				CLANG_ANALYZER_LOCALIZABILITY_NONLOCALIZED = YES;
				CLANG_ANALYZER_NONNULL = YES;
				CLANG_ANALYZER_NUMBER_OBJECT_CONVERSION = YES_AGGRESSIVE;
				CLANG_CXX_LANGUAGE_STANDARD = "gnu++14";
				CLANG_CXX_LIBRARY = "libc++";
				CLANG_ENABLE_MODULES = YES;
				CLANG_ENABLE_OBJC_ARC = YES;
				CLANG_ENABLE_OBJC_WEAK = YES;
				CLANG_WARN_BLOCK_CAPTURE_AUTORELEASING = YES;
				CLANG_WARN_BOOL_CONVERSION = YES;
				CLANG_WARN_COMMA = YES;
				CLANG_WARN_CONSTANT_CONVERSION = YES;
				CLANG_WARN_DEPRECATED_OBJC_IMPLEMENTATIONS = YES;
				CLANG_WARN_DIRECT_OBJC_ISA_USAGE = YES_ERROR;
				CLANG_WARN_DOCUMENTATION_COMMENTS = YES;
				CLANG_WARN_EMPTY_BODY = YES;
				CLANG_WARN_ENUM_CONVERSION = YES;
				CLANG_WARN_INFINITE_RECURSION = YES;
				CLANG_WARN_INT_CONVERSION = YES;
				CLANG_WARN_NON_LITERAL_NULL_CONVERSION = YES;
				CLANG_WARN_OBJC_IMPLICIT_RETAIN_SELF = YES;
				CLANG_WARN_OBJC_LITERAL_CONVERSION = YES;
				CLANG_WARN_OBJC_ROOT_CLASS = YES_ERROR;
				CLANG_WARN_RANGE_LOOP_ANALYSIS = YES;
				CLANG_WARN_STRICT_PROTOTYPES = YES;
				CLANG_WARN_SUSPICIOUS_MOVE = YES;
				CLANG_WARN_UNGUARDED_AVAILABILITY = YES_AGGRESSIVE;
				CLANG_WARN_UNREACHABLE_CODE = YES;
				CLANG_WARN__DUPLICATE_METHOD_MATCH = YES;
				COPY_PHASE_STRIP = NO;
				DEBUG_INFORMATION_FORMAT = "dwarf-with-dsym";
				ENABLE_NS_ASSERTIONS = NO;
				ENABLE_STRICT_OBJC_MSGSEND = YES;
				GCC_C_LANGUAGE_STANDARD = gnu11;
				GCC_NO_COMMON_BLOCKS = YES;
				GCC_WARN_64_TO_32_BIT_CONVERSION = YES;
				GCC_WARN_ABOUT_RETURN_TYPE = YES_ERROR;
				GCC_WARN_UNDECLARED_SELECTOR = YES;
				GCC_WARN_UNINITIALIZED_AUTOS = YES_AGGRESSIVE;
				GCC_WARN_UNUSED_FUNCTION = YES;
				GCC_WARN_UNUSED_VARIABLE = YES;
				IPHONEOS_DEPLOYMENT_TARGET = 9.3;
				MTL_ENABLE_DEBUG_INFO = NO;
				MTL_FAST_MATH = YES;
				SDKROOT = iphoneos;
				VALIDATE_PRODUCT = YES;
			};
			name = Release;
		};
		F7F046342420AA7C00365A65 /* Debug */ = {
			isa = XCBuildConfiguration;
			baseConfigurationReference = 00528662BBF4B82453B46181 /* Pods-brotherhoodOfficeSystem.debug.xcconfig */;
			buildSettings = {
				ASSETCATALOG_COMPILER_APPICON_NAME = AppIcon;
				ASSETCATALOG_COMPILER_LAUNCHIMAGE_NAME = LaunchImage;
				CODE_SIGN_STYLE = Automatic;
				DEVELOPMENT_TEAM = LHRJC39Y3V;
				GCC_PRECOMPILE_PREFIX_HEADER = YES;
				GCC_PREFIX_HEADER = "$(SRCROOT)/brotherhoodOfficeSystem/PrefixHeader.pch";
				INFOPLIST_FILE = brotherhoodOfficeSystem/Info.plist;
				IPHONEOS_DEPLOYMENT_TARGET = 9.0;
				LD_RUNPATH_SEARCH_PATHS = (
					"$(inherited)",
					"@executable_path/Frameworks",
				);
				PRODUCT_BUNDLE_IDENTIFIER = com.brotherhood.Officesystem;
				PRODUCT_NAME = "中国兄弟团";
				TARGETED_DEVICE_FAMILY = "1,2";
			};
			name = Debug;
		};
		F7F046352420AA7C00365A65 /* Release */ = {
			isa = XCBuildConfiguration;
			baseConfigurationReference = 584E9F064660C42A53C2561F /* Pods-brotherhoodOfficeSystem.release.xcconfig */;
			buildSettings = {
				ASSETCATALOG_COMPILER_APPICON_NAME = AppIcon;
				ASSETCATALOG_COMPILER_LAUNCHIMAGE_NAME = LaunchImage;
				CODE_SIGN_STYLE = Automatic;
				DEVELOPMENT_TEAM = LHRJC39Y3V;
				GCC_PRECOMPILE_PREFIX_HEADER = YES;
				GCC_PREFIX_HEADER = "$(SRCROOT)/brotherhoodOfficeSystem/PrefixHeader.pch";
				INFOPLIST_FILE = brotherhoodOfficeSystem/Info.plist;
				IPHONEOS_DEPLOYMENT_TARGET = 9.0;
				LD_RUNPATH_SEARCH_PATHS = (
					"$(inherited)",
					"@executable_path/Frameworks",
				);
				PRODUCT_BUNDLE_IDENTIFIER = com.brotherhood.Officesystem;
				PRODUCT_NAME = "中国兄弟团";
				TARGETED_DEVICE_FAMILY = "1,2";
			};
			name = Release;
		};
		F7F046372420AA7C00365A65 /* Debug */ = {
			isa = XCBuildConfiguration;
			baseConfigurationReference = EE89F40DD11FDFD081D54759 /* Pods-brotherhoodOfficeSystemTests.debug.xcconfig */;
			buildSettings = {
				BUNDLE_LOADER = "$(TEST_HOST)";
				CODE_SIGN_STYLE = Automatic;
				DEVELOPMENT_TEAM = PL68LJ4R77;
				INFOPLIST_FILE = brotherhoodOfficeSystemTests/Info.plist;
				IPHONEOS_DEPLOYMENT_TARGET = 13.2;
				LD_RUNPATH_SEARCH_PATHS = (
					"$(inherited)",
					"@executable_path/Frameworks",
					"@loader_path/Frameworks",
				);
				PRODUCT_BUNDLE_IDENTIFIER = com.zxd.moonbeam.brotherhoodOfficeSystemTests;
				PRODUCT_NAME = "$(TARGET_NAME)";
				TARGETED_DEVICE_FAMILY = "1,2";
				TEST_HOST = "$(BUILT_PRODUCTS_DIR)/brotherhoodOfficeSystem.app/brotherhoodOfficeSystem";
			};
			name = Debug;
		};
		F7F046382420AA7C00365A65 /* Release */ = {
			isa = XCBuildConfiguration;
			baseConfigurationReference = 518D63AC07C96812CDAF2EBB /* Pods-brotherhoodOfficeSystemTests.release.xcconfig */;
			buildSettings = {
				BUNDLE_LOADER = "$(TEST_HOST)";
				CODE_SIGN_STYLE = Automatic;
				DEVELOPMENT_TEAM = PL68LJ4R77;
				INFOPLIST_FILE = brotherhoodOfficeSystemTests/Info.plist;
				IPHONEOS_DEPLOYMENT_TARGET = 13.2;
				LD_RUNPATH_SEARCH_PATHS = (
					"$(inherited)",
					"@executable_path/Frameworks",
					"@loader_path/Frameworks",
				);
				PRODUCT_BUNDLE_IDENTIFIER = com.zxd.moonbeam.brotherhoodOfficeSystemTests;
				PRODUCT_NAME = "$(TARGET_NAME)";
				TARGETED_DEVICE_FAMILY = "1,2";
				TEST_HOST = "$(BUILT_PRODUCTS_DIR)/brotherhoodOfficeSystem.app/brotherhoodOfficeSystem";
			};
			name = Release;
		};
		F7F0463A2420AA7C00365A65 /* Debug */ = {
			isa = XCBuildConfiguration;
			baseConfigurationReference = 5E9996407AE355D813C8A717 /* Pods-brotherhoodOfficeSystem-brotherhoodOfficeSystemUITests.debug.xcconfig */;
			buildSettings = {
				CODE_SIGN_STYLE = Automatic;
				DEVELOPMENT_TEAM = PL68LJ4R77;
				INFOPLIST_FILE = brotherhoodOfficeSystemUITests/Info.plist;
				LD_RUNPATH_SEARCH_PATHS = (
					"$(inherited)",
					"@executable_path/Frameworks",
					"@loader_path/Frameworks",
				);
				PRODUCT_BUNDLE_IDENTIFIER = com.zxd.moonbeam.brotherhoodOfficeSystemUITests;
				PRODUCT_NAME = "$(TARGET_NAME)";
				TARGETED_DEVICE_FAMILY = "1,2";
				TEST_TARGET_NAME = brotherhoodOfficeSystem;
			};
			name = Debug;
		};
		F7F0463B2420AA7C00365A65 /* Release */ = {
			isa = XCBuildConfiguration;
			baseConfigurationReference = D2D7DB3A655039A5644A273A /* Pods-brotherhoodOfficeSystem-brotherhoodOfficeSystemUITests.release.xcconfig */;
			buildSettings = {
				CODE_SIGN_STYLE = Automatic;
				DEVELOPMENT_TEAM = PL68LJ4R77;
				INFOPLIST_FILE = brotherhoodOfficeSystemUITests/Info.plist;
				LD_RUNPATH_SEARCH_PATHS = (
					"$(inherited)",
					"@executable_path/Frameworks",
					"@loader_path/Frameworks",
				);
				PRODUCT_BUNDLE_IDENTIFIER = com.zxd.moonbeam.brotherhoodOfficeSystemUITests;
				PRODUCT_NAME = "$(TARGET_NAME)";
				TARGETED_DEVICE_FAMILY = "1,2";
				TEST_TARGET_NAME = brotherhoodOfficeSystem;
			};
			name = Release;
		};
/* End XCBuildConfiguration section */

/* Begin XCConfigurationList section */
		F7F045FF2420AA7700365A65 /* Build configuration list for PBXProject "brotherhoodOfficeSystem" */ = {
			isa = XCConfigurationList;
			buildConfigurations = (
				F7F046312420AA7C00365A65 /* Debug */,
				F7F046322420AA7C00365A65 /* Release */,
			);
			defaultConfigurationIsVisible = 0;
			defaultConfigurationName = Release;
		};
		F7F046332420AA7C00365A65 /* Build configuration list for PBXNativeTarget "brotherhoodOfficeSystem" */ = {
			isa = XCConfigurationList;
			buildConfigurations = (
				F7F046342420AA7C00365A65 /* Debug */,
				F7F046352420AA7C00365A65 /* Release */,
			);
			defaultConfigurationIsVisible = 0;
			defaultConfigurationName = Release;
		};
		F7F046362420AA7C00365A65 /* Build configuration list for PBXNativeTarget "brotherhoodOfficeSystemTests" */ = {
			isa = XCConfigurationList;
			buildConfigurations = (
				F7F046372420AA7C00365A65 /* Debug */,
				F7F046382420AA7C00365A65 /* Release */,
			);
			defaultConfigurationIsVisible = 0;
			defaultConfigurationName = Release;
		};
		F7F046392420AA7C00365A65 /* Build configuration list for PBXNativeTarget "brotherhoodOfficeSystemUITests" */ = {
			isa = XCConfigurationList;
			buildConfigurations = (
				F7F0463A2420AA7C00365A65 /* Debug */,
				F7F0463B2420AA7C00365A65 /* Release */,
			);
			defaultConfigurationIsVisible = 0;
			defaultConfigurationName = Release;
		};
/* End XCConfigurationList section */
	};
	rootObject = F7F045FC2420AA7700365A65 /* Project object */;
}
